lockfileVersion: 5.4

overrides:
  '@types/css-font-loading-module': ^0.0.8

specifiers:
  '@fontsource/antonio': ^4.5.10
  '@pixi/app': ^7.2.2
  '@pixi/assets': ^7.2.2
  '@pixi/core': ^7.2.2
  '@pixi/display': ^7.2.2
  '@pixi/events': ^7.2.2
  '@pixi/graphics': ^7.2.2
  '@pixi/sprite': ^7.2.2
  '@pixi/text': ^7.2.2
  '@pixi/unsafe-eval': ^7.2.2
  '@pixi/utils': ^7.2.2
  '@types/web-bluetooth': ^0.0.16
  '@vitejs/plugin-basic-ssl': ^1.0.1
  typescript: ~5.0.2
  vite: ^4.2.1
  vite-plugin-top-level-await: ^1.3.0

dependencies:
  '@pixi/app': 7.2.2_a2usfhai6eps65didq6i7xaayy
  '@pixi/assets': 7.2.2_dz3oxlxbejkhsy44dcbs4rncve
  '@pixi/core': 7.2.2
  '@pixi/display': 7.2.2_@pixi+core@7.2.2
  '@pixi/events': 7.2.2_gb6a42bf7zv6if3dsk2dnyfigm
  '@pixi/graphics': 7.2.2_a3kphzhronuyystcjhqcaxb6ci
  '@pixi/sprite': 7.2.2_a2usfhai6eps65didq6i7xaayy
  '@pixi/text': 7.2.2_dxo63tlmuk3paeew3dwzrd3rbm
  '@pixi/unsafe-eval': 7.2.2_@pixi+core@7.2.2
  '@pixi/utils': 7.2.2

devDependencies:
  '@fontsource/antonio': 4.5.10
  '@types/web-bluetooth': 0.0.16
  '@vitejs/plugin-basic-ssl': 1.0.1_vite@4.2.1
  typescript: 5.0.2
  vite: 4.2.1
  vite-plugin-top-level-await: 1.3.0_vite@4.2.1

packages:

  /@esbuild/android-arm/0.17.12:
    resolution: {integrity: sha512-E/sgkvwoIfj4aMAPL2e35VnUJspzVYl7+M1B2cqeubdBhADV4uPon0KCc8p2G+LqSJ6i8ocYPCqY3A4GGq0zkQ==}
    engines: {node: '>=12'}
    cpu: [arm]
    os: [android]
    requiresBuild: true
    dev: true
    optional: true

  /@esbuild/android-arm64/0.17.12:
    resolution: {integrity: sha512-WQ9p5oiXXYJ33F2EkE3r0FRDFVpEdcDiwNX3u7Xaibxfx6vQE0Sb8ytrfQsA5WO6kDn6mDfKLh6KrPBjvkk7xA==}
    engines: {node: '>=12'}
    cpu: [arm64]
    os: [android]
    requiresBuild: true
    dev: true
    optional: true

  /@esbuild/android-x64/0.17.12:
    resolution: {integrity: sha512-m4OsaCr5gT+se25rFPHKQXARMyAehHTQAz4XX1Vk3d27VtqiX0ALMBPoXZsGaB6JYryCLfgGwUslMqTfqeLU0w==}
    engines: {node: '>=12'}
    cpu: [x64]
    os: [android]
    requiresBuild: true
    dev: true
    optional: true

  /@esbuild/darwin-arm64/0.17.12:
    resolution: {integrity: sha512-O3GCZghRIx+RAN0NDPhyyhRgwa19MoKlzGonIb5hgTj78krqp9XZbYCvFr9N1eUxg0ZQEpiiZ4QvsOQwBpP+lg==}
    engines: {node: '>=12'}
    cpu: [arm64]
    os: [darwin]
    requiresBuild: true
    dev: true
    optional: true

  /@esbuild/darwin-x64/0.17.12:
    resolution: {integrity: sha512-5D48jM3tW27h1qjaD9UNRuN+4v0zvksqZSPZqeSWggfMlsVdAhH3pwSfQIFJwcs9QJ9BRibPS4ViZgs3d2wsCA==}
    engines: {node: '>=12'}
    cpu: [x64]
    os: [darwin]
    requiresBuild: true
    dev: true
    optional: true

  /@esbuild/freebsd-arm64/0.17.12:
    resolution: {integrity: sha512-OWvHzmLNTdF1erSvrfoEBGlN94IE6vCEaGEkEH29uo/VoONqPnoDFfShi41Ew+yKimx4vrmmAJEGNoyyP+OgOQ==}
    engines: {node: '>=12'}
    cpu: [arm64]
    os: [freebsd]
    requiresBuild: true
    dev: true
    optional: true

  /@esbuild/freebsd-x64/0.17.12:
    resolution: {integrity: sha512-A0Xg5CZv8MU9xh4a+7NUpi5VHBKh1RaGJKqjxe4KG87X+mTjDE6ZvlJqpWoeJxgfXHT7IMP9tDFu7IZ03OtJAw==}
    engines: {node: '>=12'}
    cpu: [x64]
    os: [freebsd]
    requiresBuild: true
    dev: true
    optional: true

  /@esbuild/linux-arm/0.17.12:
    resolution: {integrity: sha512-WsHyJ7b7vzHdJ1fv67Yf++2dz3D726oO3QCu8iNYik4fb5YuuReOI9OtA+n7Mk0xyQivNTPbl181s+5oZ38gyA==}
    engines: {node: '>=12'}
    cpu: [arm]
    os: [linux]
    requiresBuild: true
    dev: true
    optional: true

  /@esbuild/linux-arm64/0.17.12:
    resolution: {integrity: sha512-cK3AjkEc+8v8YG02hYLQIQlOznW+v9N+OI9BAFuyqkfQFR+DnDLhEM5N8QRxAUz99cJTo1rLNXqRrvY15gbQUg==}
    engines: {node: '>=12'}
    cpu: [arm64]
    os: [linux]
    requiresBuild: true
    dev: true
    optional: true

  /@esbuild/linux-ia32/0.17.12:
    resolution: {integrity: sha512-jdOBXJqcgHlah/nYHnj3Hrnl9l63RjtQ4vn9+bohjQPI2QafASB5MtHAoEv0JQHVb/xYQTFOeuHnNYE1zF7tYw==}
    engines: {node: '>=12'}
    cpu: [ia32]
    os: [linux]
    requiresBuild: true
    dev: true
    optional: true

  /@esbuild/linux-loong64/0.17.12:
    resolution: {integrity: sha512-GTOEtj8h9qPKXCyiBBnHconSCV9LwFyx/gv3Phw0pa25qPYjVuuGZ4Dk14bGCfGX3qKF0+ceeQvwmtI+aYBbVA==}
    engines: {node: '>=12'}
    cpu: [loong64]
    os: [linux]
    requiresBuild: true
    dev: true
    optional: true

  /@esbuild/linux-mips64el/0.17.12:
    resolution: {integrity: sha512-o8CIhfBwKcxmEENOH9RwmUejs5jFiNoDw7YgS0EJTF6kgPgcqLFjgoc5kDey5cMHRVCIWc6kK2ShUePOcc7RbA==}
    engines: {node: '>=12'}
    cpu: [mips64el]
    os: [linux]
    requiresBuild: true
    dev: true
    optional: true

  /@esbuild/linux-ppc64/0.17.12:
    resolution: {integrity: sha512-biMLH6NR/GR4z+ap0oJYb877LdBpGac8KfZoEnDiBKd7MD/xt8eaw1SFfYRUeMVx519kVkAOL2GExdFmYnZx3A==}
    engines: {node: '>=12'}
    cpu: [ppc64]
    os: [linux]
    requiresBuild: true
    dev: true
    optional: true

  /@esbuild/linux-riscv64/0.17.12:
    resolution: {integrity: sha512-jkphYUiO38wZGeWlfIBMB72auOllNA2sLfiZPGDtOBb1ELN8lmqBrlMiucgL8awBw1zBXN69PmZM6g4yTX84TA==}
    engines: {node: '>=12'}
    cpu: [riscv64]
    os: [linux]
    requiresBuild: true
    dev: true
    optional: true

  /@esbuild/linux-s390x/0.17.12:
    resolution: {integrity: sha512-j3ucLdeY9HBcvODhCY4b+Ds3hWGO8t+SAidtmWu/ukfLLG/oYDMaA+dnugTVAg5fnUOGNbIYL9TOjhWgQB8W5g==}
    engines: {node: '>=12'}
    cpu: [s390x]
    os: [linux]
    requiresBuild: true
    dev: true
    optional: true

  /@esbuild/linux-x64/0.17.12:
    resolution: {integrity: sha512-uo5JL3cgaEGotaqSaJdRfFNSCUJOIliKLnDGWaVCgIKkHxwhYMm95pfMbWZ9l7GeW9kDg0tSxcy9NYdEtjwwmA==}
    engines: {node: '>=12'}
    cpu: [x64]
    os: [linux]
    requiresBuild: true
    dev: true
    optional: true

  /@esbuild/netbsd-x64/0.17.12:
    resolution: {integrity: sha512-DNdoRg8JX+gGsbqt2gPgkgb00mqOgOO27KnrWZtdABl6yWTST30aibGJ6geBq3WM2TIeW6COs5AScnC7GwtGPg==}
    engines: {node: '>=12'}
    cpu: [x64]
    os: [netbsd]
    requiresBuild: true
    dev: true
    optional: true

  /@esbuild/openbsd-x64/0.17.12:
    resolution: {integrity: sha512-aVsENlr7B64w8I1lhHShND5o8cW6sB9n9MUtLumFlPhG3elhNWtE7M1TFpj3m7lT3sKQUMkGFjTQBrvDDO1YWA==}
    engines: {node: '>=12'}
    cpu: [x64]
    os: [openbsd]
    requiresBuild: true
    dev: true
    optional: true

  /@esbuild/sunos-x64/0.17.12:
    resolution: {integrity: sha512-qbHGVQdKSwi0JQJuZznS4SyY27tYXYF0mrgthbxXrZI3AHKuRvU+Eqbg/F0rmLDpW/jkIZBlCO1XfHUBMNJ1pg==}
    engines: {node: '>=12'}
    cpu: [x64]
    os: [sunos]
    requiresBuild: true
    dev: true
    optional: true

  /@esbuild/win32-arm64/0.17.12:
    resolution: {integrity: sha512-zsCp8Ql+96xXTVTmm6ffvoTSZSV2B/LzzkUXAY33F/76EajNw1m+jZ9zPfNJlJ3Rh4EzOszNDHsmG/fZOhtqDg==}
    engines: {node: '>=12'}
    cpu: [arm64]
    os: [win32]
    requiresBuild: true
    dev: true
    optional: true

  /@esbuild/win32-ia32/0.17.12:
    resolution: {integrity: sha512-FfrFjR4id7wcFYOdqbDfDET3tjxCozUgbqdkOABsSFzoZGFC92UK7mg4JKRc/B3NNEf1s2WHxJ7VfTdVDPN3ng==}
    engines: {node: '>=12'}
    cpu: [ia32]
    os: [win32]
    requiresBuild: true
    dev: true
    optional: true

  /@esbuild/win32-x64/0.17.12:
    resolution: {integrity: sha512-JOOxw49BVZx2/5tW3FqkdjSD/5gXYeVGPDcB0lvap0gLQshkh1Nyel1QazC+wNxus3xPlsYAgqU1BUmrmCvWtw==}
    engines: {node: '>=12'}
    cpu: [x64]
    os: [win32]
    requiresBuild: true
    dev: true
    optional: true

  /@fontsource/antonio/4.5.10:
    resolution: {integrity: sha512-lXztgDweRkmqAGb2EvYJvvp6aKJTRp3ZH9u+WBXwScHIpvXLi6wVTk/vuc55nKiroVNLOk+DOUhqqOaY8yZTfg==}
    dev: true

  /@pixi/app/7.2.2_a2usfhai6eps65didq6i7xaayy:
    resolution: {integrity: sha512-S07adWs3/AshqQVhkrERHBfwTOXP0UN1WwEN2O/czigctCcv8zB8xAmv5fND2pS29XZZ6jhj+i4mbnDmpb/KJw==}
    peerDependencies:
      '@pixi/core': 7.2.2
      '@pixi/display': 7.2.2
    dependencies:
      '@pixi/core': 7.2.2
      '@pixi/display': 7.2.2_@pixi+core@7.2.2
    dev: false

  /@pixi/assets/7.2.2_dz3oxlxbejkhsy44dcbs4rncve:
    resolution: {integrity: sha512-YtudMqxyPx1yZ3oczP1OIMQJlb0/psymZGU7PMyea0wSYol14imMOdNa0sNFz/at6a6kM1w/vQdlz+8AqML1vw==}
    peerDependencies:
      '@pixi/core': 7.2.2
      '@pixi/utils': 7.2.2
    dependencies:
      '@pixi/core': 7.2.2
      '@pixi/utils': 7.2.2
      '@types/css-font-loading-module': 0.0.8
    dev: false

  /@pixi/color/7.2.2:
    resolution: {integrity: sha512-rg3zrwnkCtfX73sbIDuXyBlQWdRlREs4UlvC6gJ0EGHbGtwAK0Zz041fDW8isYYLcjd3LopVlNrjrFGE+v+adQ==}
    dependencies:
      colord: 2.9.3
    dev: false

  /@pixi/constants/7.2.2:
    resolution: {integrity: sha512-hHdXfhRNOCEg/5LbR4izY9feEyxtjNKs6l4Np87iiglvK5oj2hjiLz3c1VHWooNy8VQmndcLC11Tl0krxuQjiw==}
    dev: false

  /@pixi/core/7.2.2:
    resolution: {integrity: sha512-grDYsthKpb9OPlAPrzutogodciky6x8eWz+0ER+I5KBzK/1w1fBYnYiQZCH0MByNJMABE75cynWv9inMJu0rEQ==}
    dependencies:
      '@pixi/color': 7.2.2
      '@pixi/constants': 7.2.2
      '@pixi/extensions': 7.2.2
      '@pixi/math': 7.2.2
      '@pixi/runner': 7.2.2
      '@pixi/settings': 7.2.2
      '@pixi/ticker': 7.2.2
      '@pixi/utils': 7.2.2
      '@types/offscreencanvas': 2019.7.0
    dev: false

  /@pixi/display/7.2.2_@pixi+core@7.2.2:
    resolution: {integrity: sha512-zUkFhwnqsKatwB1I3ZAD1on1RCvuTLZ1MV1JQd97pMBAJBC9UvDuKIJ6Zcr377YXKFnIFGFFxat9LyVTUxTWvQ==}
    peerDependencies:
      '@pixi/core': 7.2.2
    dependencies:
      '@pixi/core': 7.2.2
    dev: false

  /@pixi/events/7.2.2_gb6a42bf7zv6if3dsk2dnyfigm:
    resolution: {integrity: sha512-9JuBgB0uI9Zjm7GNAAJ3jmOXAbgHBCUXfOAzZqn68/z9W168Lb56akpXRPI5/Y6Ef4kxIWjZlqE31vrLEn33rA==}
    peerDependencies:
      '@pixi/core': 7.2.2
      '@pixi/display': 7.2.2
      '@pixi/utils': 7.2.2
    dependencies:
      '@pixi/core': 7.2.2
      '@pixi/display': 7.2.2_@pixi+core@7.2.2
      '@pixi/utils': 7.2.2
    dev: false

  /@pixi/extensions/7.2.2:
    resolution: {integrity: sha512-b54qLl/GQK6VKgTiaeCg8tyujykfBhLn6PGGoY0fyWXEOYXRPyZ/oZDadz0bhLURwPzfnHbblINkK8L6JJpCSQ==}
    dev: false

  /@pixi/graphics/7.2.2_a3kphzhronuyystcjhqcaxb6ci:
    resolution: {integrity: sha512-fgF1nGlIjFE1aAJ1UvGi+k6P1Hbb5J71kg0sV1TnvqJKHxJCNdrl7muyb+aowWtyvGDQ93TkdpLucdl9Qutepw==}
    peerDependencies:
      '@pixi/core': 7.2.2
      '@pixi/display': 7.2.2
      '@pixi/sprite': 7.2.2
    dependencies:
      '@pixi/core': 7.2.2
      '@pixi/display': 7.2.2_@pixi+core@7.2.2
      '@pixi/sprite': 7.2.2_a2usfhai6eps65didq6i7xaayy
    dev: false

  /@pixi/math/7.2.2:
    resolution: {integrity: sha512-h4Qb2BOhiGoWQnG7RdS0nK5P9k33950S158GqLAXf+jN19fENPJibfh05ckdUwkVtYnd+PuBqcriH/vrRPICfQ==}
    dev: false

  /@pixi/runner/7.2.2:
    resolution: {integrity: sha512-rXbMGtk1aS8OSR/yMzdHxdWQIaEKAIV6k37L8Zt/wAD1lmTDqvDTjm8BSxPLQMkNGNFL+3YoBgTev1e7aNgWxw==}
    dev: false

  /@pixi/settings/7.2.2:
    resolution: {integrity: sha512-IqkiEZ3c/XAU1iPCuUy+MkzfzI3Hw7xHL24C+QrwbaJtJTodoKyfuKsk/H7T7Sz2f0gop1lfqwC3jGRiYzS/2g==}
    dependencies:
      '@pixi/constants': 7.2.2
      '@types/css-font-loading-module': 0.0.8
      ismobilejs: 1.1.1
    dev: false

  /@pixi/sprite/7.2.2_a2usfhai6eps65didq6i7xaayy:
    resolution: {integrity: sha512-GFt7Vyy41rVqQJOtstTD5mC+Dgyc6duySWrsRvCTSD6Q7nvJC+y7Zpgl6If9wbq2wx8CRGk9KlLeBI16rra69Q==}
    peerDependencies:
      '@pixi/core': 7.2.2
      '@pixi/display': 7.2.2
    dependencies:
      '@pixi/core': 7.2.2
      '@pixi/display': 7.2.2_@pixi+core@7.2.2
    dev: false

  /@pixi/text/7.2.2_dxo63tlmuk3paeew3dwzrd3rbm:
    resolution: {integrity: sha512-hj6oOZkoWQx+p6fQcsiN2kXRyqsjNsjyNgte8xqoUfkmu2kUkL8HpyrKN/npGaIDlLRH1LTfAO1xuKyiLSmtUg==}
    peerDependencies:
      '@pixi/core': 7.2.2
      '@pixi/sprite': 7.2.2
    dependencies:
      '@pixi/core': 7.2.2
      '@pixi/sprite': 7.2.2_a2usfhai6eps65didq6i7xaayy
    dev: false

  /@pixi/ticker/7.2.2:
    resolution: {integrity: sha512-fNW1WWnDfyc7pk+AUokUeurK19gG3bIX/NQGB+Y7KiP84EwKZbLwMXQWIhc3aRZt7lzEA8yFXQ0+Oqi5IIGFUQ==}
    dependencies:
      '@pixi/extensions': 7.2.2
      '@pixi/settings': 7.2.2
      '@pixi/utils': 7.2.2
    dev: false

  /@pixi/unsafe-eval/7.2.2_@pixi+core@7.2.2:
    resolution: {integrity: sha512-ySNTHnI5dq9Gxf5dcv0rybxNVZ50ZlUib9/d06gLDAcU0dLai8/nmyxNDFNwsMLzf4r0pAfPw88SR7Llk+qhbQ==}
    peerDependencies:
      '@pixi/core': 7.2.2
    dependencies:
      '@pixi/core': 7.2.2
    dev: false

  /@pixi/utils/7.2.2:
    resolution: {integrity: sha512-+EMCAA+lDe8AmLzrwAhCNybevuOcGyFHSo1NtRpd7Z1ocrG0atzq4gjKxUX8VoqJ89rWFZdhZpdGPMh0xRELaQ==}
    dependencies:
      '@pixi/color': 7.2.2
      '@pixi/constants': 7.2.2
      '@pixi/settings': 7.2.2
      '@types/earcut': 2.1.1
      earcut: 2.2.4
      eventemitter3: 4.0.7
      url: 0.11.0
    dev: false

  /@rollup/plugin-virtual/3.0.1:
    resolution: {integrity: sha512-fK8O0IL5+q+GrsMLuACVNk2x21g3yaw+sG2qn16SnUd3IlBsQyvWxLMGHmCmXRMecPjGRSZ/1LmZB4rjQm68og==}
    engines: {node: '>=14.0.0'}
    peerDependencies:
      rollup: ^1.20.0||^2.0.0||^3.0.0
    peerDependenciesMeta:
      rollup:
        optional: true
    dev: true

  /@swc/core-darwin-arm64/1.3.42:
    resolution: {integrity: sha512-hM6RrZFyoCM9mX3cj/zM5oXwhAqjUdOCLXJx7KTQps7NIkv/Qjvobgvyf2gAb89j3ARNo9NdIoLjTjJ6oALtiA==}
    engines: {node: '>=10'}
    cpu: [arm64]
    os: [darwin]
    requiresBuild: true
    dev: true
    optional: true

  /@swc/core-darwin-x64/1.3.42:
    resolution: {integrity: sha512-bjsWtHMb6wJK1+RGlBs2USvgZ0txlMk11y0qBLKo32gLKTqzUwRw0Fmfzuf6Ue2a/w//7eqMlPFEre4LvJajGw==}
    engines: {node: '>=10'}
    cpu: [x64]
    os: [darwin]
    requiresBuild: true
    dev: true
    optional: true

  /@swc/core-linux-arm-gnueabihf/1.3.42:
    resolution: {integrity: sha512-Oe0ggMz3MyqXNfeVmY+bBTL0hFSNY3bx8dhcqsh4vXk/ZVGse94QoC4dd92LuPHmKT0x6nsUzB86x2jU9QHW5g==}
    engines: {node: '>=10'}
    cpu: [arm]
    os: [linux]
    requiresBuild: true
    dev: true
    optional: true

  /@swc/core-linux-arm64-gnu/1.3.42:
    resolution: {integrity: sha512-ZJsa8NIW1RLmmHGTJCbM7OPSbBZ9rOMrLqDtUOGrT0uoJXZnnQqolflamB5wviW0X6h3Z3/PSTNGNDCJ3u3Lqg==}
    engines: {node: '>=10'}
    cpu: [arm64]
    os: [linux]
    requiresBuild: true
    dev: true
    optional: true

  /@swc/core-linux-arm64-musl/1.3.42:
    resolution: {integrity: sha512-YpZwlFAfOp5vkm/uVUJX1O7N3yJDO1fDQRWqsOPPNyIJkI2ydlRQtgN6ZylC159Qv+TimfXnGTlNr7o3iBAqjg==}
    engines: {node: '>=10'}
    cpu: [arm64]
    os: [linux]
    requiresBuild: true
    dev: true
    optional: true

  /@swc/core-linux-x64-gnu/1.3.42:
    resolution: {integrity: sha512-0ccpKnsZbyHBzaQFdP8U9i29nvOfKitm6oJfdJzlqsY/jCqwvD8kv2CAKSK8WhJz//ExI2LqNrDI0yazx5j7+A==}
    engines: {node: '>=10'}
    cpu: [x64]
    os: [linux]
    requiresBuild: true
    dev: true
    optional: true

  /@swc/core-linux-x64-musl/1.3.42:
    resolution: {integrity: sha512-7eckRRuTZ6+3K21uyfXXgc2ZCg0mSWRRNwNT3wap2bYkKPeqTgb8pm8xYSZNEiMuDonHEat6XCCV36lFY6kOdQ==}
    engines: {node: '>=10'}
    cpu: [x64]
    os: [linux]
    requiresBuild: true
    dev: true
    optional: true

  /@swc/core-win32-arm64-msvc/1.3.42:
    resolution: {integrity: sha512-t27dJkdw0GWANdN4TV0lY/V5vTYSx5SRjyzzZolep358ueCGuN1XFf1R0JcCbd1ojosnkQg2L7A7991UjXingg==}
    engines: {node: '>=10'}
    cpu: [arm64]
    os: [win32]
    requiresBuild: true
    dev: true
    optional: true

  /@swc/core-win32-ia32-msvc/1.3.42:
    resolution: {integrity: sha512-xfpc/Zt/aMILX4IX0e3loZaFyrae37u3MJCv1gJxgqrpeLi7efIQr3AmERkTK3mxTO6R5urSliWw2W3FyZ7D3Q==}
    engines: {node: '>=10'}
    cpu: [ia32]
    os: [win32]
    requiresBuild: true
    dev: true
    optional: true

  /@swc/core-win32-x64-msvc/1.3.42:
    resolution: {integrity: sha512-ra2K4Tu++EJLPhzZ6L8hWUsk94TdK/2UKhL9dzCBhtzKUixsGCEqhtqH1zISXNvW8qaVLFIMUP37ULe80/IJaA==}
    engines: {node: '>=10'}
    cpu: [x64]
    os: [win32]
    requiresBuild: true
    dev: true
    optional: true

  /@swc/core/1.3.42:
    resolution: {integrity: sha512-nVFUd5+7tGniM2cT3LXaqnu3735Cu4az8A9gAKK+8sdpASI52SWuqfDBmjFCK9xG90MiVDVp2PTZr0BWqCIzpw==}
    engines: {node: '>=10'}
    requiresBuild: true
    optionalDependencies:
      '@swc/core-darwin-arm64': 1.3.42
      '@swc/core-darwin-x64': 1.3.42
      '@swc/core-linux-arm-gnueabihf': 1.3.42
      '@swc/core-linux-arm64-gnu': 1.3.42
      '@swc/core-linux-arm64-musl': 1.3.42
      '@swc/core-linux-x64-gnu': 1.3.42
      '@swc/core-linux-x64-musl': 1.3.42
      '@swc/core-win32-arm64-msvc': 1.3.42
      '@swc/core-win32-ia32-msvc': 1.3.42
      '@swc/core-win32-x64-msvc': 1.3.42
    dev: true

  /@types/css-font-loading-module/0.0.8:
    resolution: {integrity: sha512-PdJeLlCJj/ShOA+c0dXdZ/e1P0Cdjhip+dRBtPaigOqwKd0DiFx3NeO6T2E7AQ5JszSR3dub3YkQjc2hcQyxSw==}
    dev: false

  /@types/earcut/2.1.1:
    resolution: {integrity: sha512-w8oigUCDjElRHRRrMvn/spybSMyX8MTkKA5Dv+tS1IE/TgmNZPqUYtvYBXGY8cieSE66gm+szeK+bnbxC2xHTQ==}
    dev: false

  /@types/offscreencanvas/2019.7.0:
    resolution: {integrity: sha512-PGcyveRIpL1XIqK8eBsmRBt76eFgtzuPiSTyKHZxnGemp2yzGzWpjYKAfK3wIMiU7eH+851yEpiuP8JZerTmWg==}
    dev: false

  /@types/web-bluetooth/0.0.16:
    resolution: {integrity: sha512-oh8q2Zc32S6gd/j50GowEjKLoOVOwHP/bWVjKJInBwQqdOYMdPrf1oVlelTlyfFK3CKxL1uahMDAr+vy8T7yMQ==}
    dev: true

  /@vitejs/plugin-basic-ssl/1.0.1_vite@4.2.1:
    resolution: {integrity: sha512-pcub+YbFtFhaGRTo1832FQHQSHvMrlb43974e2eS8EKleR3p1cDdkJFPci1UhwkEf1J9Bz+wKBSzqpKp7nNj2A==}
    engines: {node: '>=14.6.0'}
    peerDependencies:
      vite: ^3.0.0 || ^4.0.0
    dependencies:
      vite: 4.2.1
    dev: true

  /colord/2.9.3:
    resolution: {integrity: sha512-jeC1axXpnb0/2nn/Y1LPuLdgXBLH7aDcHu4KEKfqw3CUhX7ZpfBSlPKyqXE6btIgEzfWtrX3/tyBCaCvXvMkOw==}
    dev: false

  /earcut/2.2.4:
    resolution: {integrity: sha512-/pjZsA1b4RPHbeWZQn66SWS8nZZWLQQ23oE3Eam7aroEFGEvwKAsJfZ9ytiEMycfzXWpca4FA9QIOehf7PocBQ==}
    dev: false

  /esbuild/0.17.12:
    resolution: {integrity: sha512-bX/zHl7Gn2CpQwcMtRogTTBf9l1nl+H6R8nUbjk+RuKqAE3+8FDulLA+pHvX7aA7Xe07Iwa+CWvy9I8Y2qqPKQ==}
    engines: {node: '>=12'}
    hasBin: true
    requiresBuild: true
    optionalDependencies:
      '@esbuild/android-arm': 0.17.12
      '@esbuild/android-arm64': 0.17.12
      '@esbuild/android-x64': 0.17.12
      '@esbuild/darwin-arm64': 0.17.12
      '@esbuild/darwin-x64': 0.17.12
      '@esbuild/freebsd-arm64': 0.17.12
      '@esbuild/freebsd-x64': 0.17.12
      '@esbuild/linux-arm': 0.17.12
      '@esbuild/linux-arm64': 0.17.12
      '@esbuild/linux-ia32': 0.17.12
      '@esbuild/linux-loong64': 0.17.12
      '@esbuild/linux-mips64el': 0.17.12
      '@esbuild/linux-ppc64': 0.17.12
      '@esbuild/linux-riscv64': 0.17.12
      '@esbuild/linux-s390x': 0.17.12
      '@esbuild/linux-x64': 0.17.12
      '@esbuild/netbsd-x64': 0.17.12
      '@esbuild/openbsd-x64': 0.17.12
      '@esbuild/sunos-x64': 0.17.12
      '@esbuild/win32-arm64': 0.17.12
      '@esbuild/win32-ia32': 0.17.12
      '@esbuild/win32-x64': 0.17.12
    dev: true

  /eventemitter3/4.0.7:
    resolution: {integrity: sha512-8guHBZCwKnFhYdHr2ysuRWErTwhoN2X8XELRlrRwpmfeY2jjuUN4taQMsULKUVo1K4DvZl+0pgfyoysHxvmvEw==}
    dev: false

  /fsevents/2.3.2:
    resolution: {integrity: sha512-xiqMQR4xAeHTuB9uWm+fFRcIOgKBMiOBP+eXiyT7jsgVCq1bkVygt00oASowB7EdtpOHaaPgKt812P9ab+DDKA==}
    engines: {node: ^8.16.0 || ^10.6.0 || >=11.0.0}
    os: [darwin]
    requiresBuild: true
    dev: true
    optional: true

  /function-bind/1.1.1:
    resolution: {integrity: sha512-yIovAzMX49sF8Yl58fSCWJ5svSLuaibPxXQJFLmBObTuCr0Mf1KiPopGM9NiFjiYBCbfaa2Fh6breQ6ANVTI0A==}
    dev: true

  /has/1.0.3:
    resolution: {integrity: sha512-f2dvO0VU6Oej7RkWJGrehjbzMAjFp5/VKPp5tTpWIV4JHHZK1/BxbFRtf/siA2SWTe09caDmVtYYzWEIbBS4zw==}
    engines: {node: '>= 0.4.0'}
    dependencies:
      function-bind: 1.1.1
    dev: true

  /is-core-module/2.11.0:
    resolution: {integrity: sha512-RRjxlvLDkD1YJwDbroBHMb+cukurkDWNyHx7D3oNB5x9rb5ogcksMC5wHCadcXoo67gVr/+3GFySh3134zi6rw==}
    dependencies:
      has: 1.0.3
    dev: true

  /ismobilejs/1.1.1:
    resolution: {integrity: sha512-VaFW53yt8QO61k2WJui0dHf4SlL8lxBofUuUmwBo0ljPk0Drz2TiuDW4jo3wDcv41qy/SxrJ+VAzJ/qYqsmzRw==}
    dev: false

  /nanoid/3.3.4:
    resolution: {integrity: sha512-MqBkQh/OHTS2egovRtLk45wEyNXwF+cokD+1YPf9u5VfJiRdAiRwB2froX5Co9Rh20xs4siNPm8naNotSD6RBw==}
    engines: {node: ^10 || ^12 || ^13.7 || ^14 || >=15.0.1}
    hasBin: true
    dev: true

  /path-parse/1.0.7:
    resolution: {integrity: sha512-LDJzPVEEEPR+y48z93A0Ed0yXb8pAByGWo/k5YYdYgpY2/2EsOsksJrq7lOHxryrVOn1ejG6oAp8ahvOIQD8sw==}
    dev: true

  /picocolors/1.0.0:
    resolution: {integrity: sha512-1fygroTLlHu66zi26VoTDv8yRgm0Fccecssto+MhsZ0D/DGW2sm8E8AjW7NU5VVTRt5GxbeZ5qBuJr+HyLYkjQ==}
    dev: true

  /postcss/8.4.21:
    resolution: {integrity: sha512-tP7u/Sn/dVxK2NnruI4H9BG+x+Wxz6oeZ1cJ8P6G/PZY0IKk4k/63TDsQf2kQq3+qoJeLm2kIBUNlZe3zgb4Zg==}
    engines: {node: ^10 || ^12 || >=14}
    dependencies:
      nanoid: 3.3.4
      picocolors: 1.0.0
      source-map-js: 1.0.2
    dev: true

  /punycode/1.3.2:
    resolution: {integrity: sha512-RofWgt/7fL5wP1Y7fxE7/EmTLzQVnB0ycyibJ0OOHIlJqTNzglYFxVwETOcIoJqJmpDXJ9xImDv+Fq34F/d4Dw==}
    dev: false

  /querystring/0.2.0:
    resolution: {integrity: sha512-X/xY82scca2tau62i9mDyU9K+I+djTMUsvwf7xnUX5GLvVzgJybOJf4Y6o9Zx3oJK/LSXg5tTZBjwzqVPaPO2g==}
    engines: {node: '>=0.4.x'}
    deprecated: The querystring API is considered Legacy. new code should use the URLSearchParams API instead.
    dev: false

  /resolve/1.22.1:
    resolution: {integrity: sha512-nBpuuYuY5jFsli/JIs1oldw6fOQCBioohqWZg/2hiaOybXOft4lonv85uDOKXdf8rhyK159cxU5cDcK/NKk8zw==}
    hasBin: true
    dependencies:
      is-core-module: 2.11.0
      path-parse: 1.0.7
      supports-preserve-symlinks-flag: 1.0.0
    dev: true

  /rollup/3.20.0:
    resolution: {integrity: sha512-YsIfrk80NqUDrxrjWPXUa7PWvAfegZEXHuPsEZg58fGCdjL1I9C1i/NaG+L+27kxxwkrG/QEDEQc8s/ynXWWGQ==}
    engines: {node: '>=14.18.0', npm: '>=8.0.0'}
    hasBin: true
    optionalDependencies:
      fsevents: 2.3.2
    dev: true

  /source-map-js/1.0.2:
    resolution: {integrity: sha512-R0XvVJ9WusLiqTCEiGCmICCMplcCkIwwR11mOSD9CR5u+IXYdiseeEuXCVAjS54zqwkLcPNnmU4OeJ6tUrWhDw==}
    engines: {node: '>=0.10.0'}
    dev: true

  /supports-preserve-symlinks-flag/1.0.0:
    resolution: {integrity: sha512-ot0WnXS9fgdkgIcePe6RHNk1WA8+muPa6cSjeR3V8K27q9BB1rTE3R1p7Hv0z1ZyAc8s6Vvv8DIyWf681MAt0w==}
    engines: {node: '>= 0.4'}
    dev: true

  /typescript/5.0.2:
    resolution: {integrity: sha512-wVORMBGO/FAs/++blGNeAVdbNKtIh1rbBL2EyQ1+J9lClJ93KiiKe8PmFIVdXhHcyv44SL9oglmfeSsndo0jRw==}
    engines: {node: '>=12.20'}
    hasBin: true
    dev: true

  /url/0.11.0:
    resolution: {integrity: sha512-kbailJa29QrtXnxgq+DdCEGlbTeYM2eJUxsz6vjZavrCYPMIFHMKQmSKYAIuUK2i7hgPm28a8piX5NTUtM/LKQ==}
    dependencies:
      punycode: 1.3.2
      querystring: 0.2.0
    dev: false

  /uuid/9.0.0:
    resolution: {integrity: sha512-MXcSTerfPa4uqyzStbRoTgt5XIe3x5+42+q1sDuy3R5MDk66URdLMOZe5aPX/SQd+kuYAh0FdP/pO28IkQyTeg==}
    hasBin: true
    dev: true

  /vite-plugin-top-level-await/1.3.0_vite@4.2.1:
    resolution: {integrity: sha512-owIfsgWudMlQODWJSwp0sQB3AZZu3qsMygeBjZy8CyjEk6OB9AGd8lHqmgwrcEqgvy9N58lYxSBLVk3/4ejEiA==}
    peerDependencies:
      vite: '>=2.8'
    dependencies:
      '@rollup/plugin-virtual': 3.0.1
      '@swc/core': 1.3.42
      uuid: 9.0.0
      vite: 4.2.1
    transitivePeerDependencies:
      - rollup
    dev: true

  /vite/4.2.1:
    resolution: {integrity: sha512-7MKhqdy0ISo4wnvwtqZkjke6XN4taqQ2TBaTccLIpOKv7Vp2h4Y+NpmWCnGDeSvvn45KxvWgGyb0MkHvY1vgbg==}
    engines: {node: ^14.18.0 || >=16.0.0}
    hasBin: true
    peerDependencies:
      '@types/node': '>= 14'
      less: '*'
      sass: '*'
      stylus: '*'
      sugarss: '*'
      terser: ^5.4.0
    peerDependenciesMeta:
      '@types/node':
        optional: true
      less:
        optional: true
      sass:
        optional: true
      stylus:
        optional: true
      sugarss:
        optional: true
      terser:
        optional: true
    dependencies:
      esbuild: 0.17.12
      postcss: 8.4.21
      resolve: 1.22.1
      rollup: 3.20.0
    optionalDependencies:
      fsevents: 2.3.2
    dev: true
