lockfileVersion: '6.0'

overrides:
  '@types/css-font-loading-module': ^0.0.8

dependencies:
  '@pixi/app':
    specifier: ^7.2.4
    version: 7.2.4(@pixi/core@7.2.4)(@pixi/display@7.2.4)
  '@pixi/assets':
    specifier: ^7.2.4
    version: 7.2.4(@pixi/core@7.2.4)(@pixi/utils@7.2.4)
  '@pixi/core':
    specifier: ^7.2.4
    version: 7.2.4
  '@pixi/display':
    specifier: ^7.2.4
    version: 7.2.4(@pixi/core@7.2.4)
  '@pixi/events':
    specifier: ^7.2.4
    version: 7.2.4(@pixi/core@7.2.4)(@pixi/display@7.2.4)
  '@pixi/graphics':
    specifier: ^7.2.4
    version: 7.2.4(@pixi/core@7.2.4)(@pixi/display@7.2.4)(@pixi/sprite@7.2.4)
  '@pixi/sprite':
    specifier: ^7.2.4
    version: 7.2.4(@pixi/core@7.2.4)(@pixi/display@7.2.4)
  '@pixi/text':
    specifier: ^7.2.4
    version: 7.2.4(@pixi/core@7.2.4)(@pixi/sprite@7.2.4)
  '@pixi/unsafe-eval':
    specifier: ^7.2.4
    version: 7.2.4(@pixi/core@7.2.4)
  '@pixi/utils':
    specifier: ^7.2.4
    version: 7.2.4

devDependencies:
  '@fontsource/antonio':
    specifier: ^4.5.10
    version: 4.5.10
  '@types/web-bluetooth':
    specifier: ^0.0.16
    version: 0.0.16
  '@vitejs/plugin-basic-ssl':
    specifier: ^1.0.1
    version: 1.0.1(vite@4.2.1)
  typescript:
    specifier: ~5.0.4
    version: 5.0.4
  vite:
    specifier: ^4.2.1
    version: 4.2.1
  vite-plugin-top-level-await:
    specifier: ^1.3.0
    version: 1.3.0(vite@4.2.1)

packages:

  /@esbuild/android-arm64@0.17.16:
    resolution: {integrity: sha512-QX48qmsEZW+gcHgTmAj+x21mwTz8MlYQBnzF6861cNdQGvj2jzzFjqH0EBabrIa/WVZ2CHolwMoqxVryqKt8+Q==}
    engines: {node: '>=12'}
    cpu: [arm64]
    os: [android]
    requiresBuild: true
    dev: true
    optional: true

  /@esbuild/android-arm@0.17.16:
    resolution: {integrity: sha512-baLqRpLe4JnKrUXLJChoTN0iXZH7El/mu58GE3WIA6/H834k0XWvLRmGLG8y8arTRS9hJJibPnF0tiGhmWeZgw==}
    engines: {node: '>=12'}
    cpu: [arm]
    os: [android]
    requiresBuild: true
    dev: true
    optional: true

  /@esbuild/android-x64@0.17.16:
    resolution: {integrity: sha512-G4wfHhrrz99XJgHnzFvB4UwwPxAWZaZBOFXh+JH1Duf1I4vIVfuYY9uVLpx4eiV2D/Jix8LJY+TAdZ3i40tDow==}
    engines: {node: '>=12'}
    cpu: [x64]
    os: [android]
    requiresBuild: true
    dev: true
    optional: true

  /@esbuild/darwin-arm64@0.17.16:
    resolution: {integrity: sha512-/Ofw8UXZxuzTLsNFmz1+lmarQI6ztMZ9XktvXedTbt3SNWDn0+ODTwxExLYQ/Hod91EZB4vZPQJLoqLF0jvEzA==}
    engines: {node: '>=12'}
    cpu: [arm64]
    os: [darwin]
    requiresBuild: true
    dev: true
    optional: true

  /@esbuild/darwin-x64@0.17.16:
    resolution: {integrity: sha512-SzBQtCV3Pdc9kyizh36Ol+dNVhkDyIrGb/JXZqFq8WL37LIyrXU0gUpADcNV311sCOhvY+f2ivMhb5Tuv8nMOQ==}
    engines: {node: '>=12'}
    cpu: [x64]
    os: [darwin]
    requiresBuild: true
    dev: true
    optional: true

  /@esbuild/freebsd-arm64@0.17.16:
    resolution: {integrity: sha512-ZqftdfS1UlLiH1DnS2u3It7l4Bc3AskKeu+paJSfk7RNOMrOxmeFDhLTMQqMxycP1C3oj8vgkAT6xfAuq7ZPRA==}
    engines: {node: '>=12'}
    cpu: [arm64]
    os: [freebsd]
    requiresBuild: true
    dev: true
    optional: true

  /@esbuild/freebsd-x64@0.17.16:
    resolution: {integrity: sha512-rHV6zNWW1tjgsu0dKQTX9L0ByiJHHLvQKrWtnz8r0YYJI27FU3Xu48gpK2IBj1uCSYhJ+pEk6Y0Um7U3rIvV8g==}
    engines: {node: '>=12'}
    cpu: [x64]
    os: [freebsd]
    requiresBuild: true
    dev: true
    optional: true

  /@esbuild/linux-arm64@0.17.16:
    resolution: {integrity: sha512-8yoZhGkU6aHu38WpaM4HrRLTFc7/VVD9Q2SvPcmIQIipQt2I/GMTZNdEHXoypbbGao5kggLcxg0iBKjo0SQYKA==}
    engines: {node: '>=12'}
    cpu: [arm64]
    os: [linux]
    requiresBuild: true
    dev: true
    optional: true

  /@esbuild/linux-arm@0.17.16:
    resolution: {integrity: sha512-n4O8oVxbn7nl4+m+ISb0a68/lcJClIbaGAoXwqeubj/D1/oMMuaAXmJVfFlRjJLu/ZvHkxoiFJnmbfp4n8cdSw==}
    engines: {node: '>=12'}
    cpu: [arm]
    os: [linux]
    requiresBuild: true
    dev: true
    optional: true

  /@esbuild/linux-ia32@0.17.16:
    resolution: {integrity: sha512-9ZBjlkdaVYxPNO8a7OmzDbOH9FMQ1a58j7Xb21UfRU29KcEEU3VTHk+Cvrft/BNv0gpWJMiiZ/f4w0TqSP0gLA==}
    engines: {node: '>=12'}
    cpu: [ia32]
    os: [linux]
    requiresBuild: true
    dev: true
    optional: true

  /@esbuild/linux-loong64@0.17.16:
    resolution: {integrity: sha512-TIZTRojVBBzdgChY3UOG7BlPhqJz08AL7jdgeeu+kiObWMFzGnQD7BgBBkWRwOtKR1i2TNlO7YK6m4zxVjjPRQ==}
    engines: {node: '>=12'}
    cpu: [loong64]
    os: [linux]
    requiresBuild: true
    dev: true
    optional: true

  /@esbuild/linux-mips64el@0.17.16:
    resolution: {integrity: sha512-UPeRuFKCCJYpBbIdczKyHLAIU31GEm0dZl1eMrdYeXDH+SJZh/i+2cAmD3A1Wip9pIc5Sc6Kc5cFUrPXtR0XHA==}
    engines: {node: '>=12'}
    cpu: [mips64el]
    os: [linux]
    requiresBuild: true
    dev: true
    optional: true

  /@esbuild/linux-ppc64@0.17.16:
    resolution: {integrity: sha512-io6yShgIEgVUhExJejJ21xvO5QtrbiSeI7vYUnr7l+v/O9t6IowyhdiYnyivX2X5ysOVHAuyHW+Wyi7DNhdw6Q==}
    engines: {node: '>=12'}
    cpu: [ppc64]
    os: [linux]
    requiresBuild: true
    dev: true
    optional: true

  /@esbuild/linux-riscv64@0.17.16:
    resolution: {integrity: sha512-WhlGeAHNbSdG/I2gqX2RK2gfgSNwyJuCiFHMc8s3GNEMMHUI109+VMBfhVqRb0ZGzEeRiibi8dItR3ws3Lk+cA==}
    engines: {node: '>=12'}
    cpu: [riscv64]
    os: [linux]
    requiresBuild: true
    dev: true
    optional: true

  /@esbuild/linux-s390x@0.17.16:
    resolution: {integrity: sha512-gHRReYsJtViir63bXKoFaQ4pgTyah4ruiMRQ6im9YZuv+gp3UFJkNTY4sFA73YDynmXZA6hi45en4BGhNOJUsw==}
    engines: {node: '>=12'}
    cpu: [s390x]
    os: [linux]
    requiresBuild: true
    dev: true
    optional: true

  /@esbuild/linux-x64@0.17.16:
    resolution: {integrity: sha512-mfiiBkxEbUHvi+v0P+TS7UnA9TeGXR48aK4XHkTj0ZwOijxexgMF01UDFaBX7Q6CQsB0d+MFNv9IiXbIHTNd4g==}
    engines: {node: '>=12'}
    cpu: [x64]
    os: [linux]
    requiresBuild: true
    dev: true
    optional: true

  /@esbuild/netbsd-x64@0.17.16:
    resolution: {integrity: sha512-n8zK1YRDGLRZfVcswcDMDM0j2xKYLNXqei217a4GyBxHIuPMGrrVuJ+Ijfpr0Kufcm7C1k/qaIrGy6eG7wvgmA==}
    engines: {node: '>=12'}
    cpu: [x64]
    os: [netbsd]
    requiresBuild: true
    dev: true
    optional: true

  /@esbuild/openbsd-x64@0.17.16:
    resolution: {integrity: sha512-lEEfkfsUbo0xC47eSTBqsItXDSzwzwhKUSsVaVjVji07t8+6KA5INp2rN890dHZeueXJAI8q0tEIfbwVRYf6Ew==}
    engines: {node: '>=12'}
    cpu: [x64]
    os: [openbsd]
    requiresBuild: true
    dev: true
    optional: true

  /@esbuild/sunos-x64@0.17.16:
    resolution: {integrity: sha512-jlRjsuvG1fgGwnE8Afs7xYDnGz0dBgTNZfgCK6TlvPH3Z13/P5pi6I57vyLE8qZYLrGVtwcm9UbUx1/mZ8Ukag==}
    engines: {node: '>=12'}
    cpu: [x64]
    os: [sunos]
    requiresBuild: true
    dev: true
    optional: true

  /@esbuild/win32-arm64@0.17.16:
    resolution: {integrity: sha512-TzoU2qwVe2boOHl/3KNBUv2PNUc38U0TNnzqOAcgPiD/EZxT2s736xfC2dYQbszAwo4MKzzwBV0iHjhfjxMimg==}
    engines: {node: '>=12'}
    cpu: [arm64]
    os: [win32]
    requiresBuild: true
    dev: true
    optional: true

  /@esbuild/win32-ia32@0.17.16:
    resolution: {integrity: sha512-B8b7W+oo2yb/3xmwk9Vc99hC9bNolvqjaTZYEfMQhzdpBsjTvZBlXQ/teUE55Ww6sg//wlcDjOaqldOKyigWdA==}
    engines: {node: '>=12'}
    cpu: [ia32]
    os: [win32]
    requiresBuild: true
    dev: true
    optional: true

  /@esbuild/win32-x64@0.17.16:
    resolution: {integrity: sha512-xJ7OH/nanouJO9pf03YsL9NAFQBHd8AqfrQd7Pf5laGyyTt/gToul6QYOA/i5i/q8y9iaM5DQFNTgpi995VkOg==}
    engines: {node: '>=12'}
    cpu: [x64]
    os: [win32]
    requiresBuild: true
    dev: true
    optional: true

  /@fontsource/antonio@4.5.10:
    resolution: {integrity: sha512-lXztgDweRkmqAGb2EvYJvvp6aKJTRp3ZH9u+WBXwScHIpvXLi6wVTk/vuc55nKiroVNLOk+DOUhqqOaY8yZTfg==}
    dev: true

  /@pixi/app@7.2.4(@pixi/core@7.2.4)(@pixi/display@7.2.4):
    resolution: {integrity: sha512-eJ2jpu5P28ip07nLItw6sETXn45P4KR/leMJ6zPHRlhT1m8t5zTsWr3jK4Uj8LF2E+6KlPNzLQh5Alf/unn/aQ==}
    peerDependencies:
      '@pixi/core': 7.2.4
      '@pixi/display': 7.2.4
    dependencies:
      '@pixi/core': 7.2.4
      '@pixi/display': 7.2.4(@pixi/core@7.2.4)
    dev: false

  /@pixi/assets@7.2.4(@pixi/core@7.2.4)(@pixi/utils@7.2.4):
    resolution: {integrity: sha512-7199re3wvMAlVqXLaCyAr8IkJSXqkeVAxcYyB2rBu4Id5m2hhlGX1dQsdMBiCXLwu6/LLVqDvJggSNVQBzL6ZQ==}
    peerDependencies:
      '@pixi/core': 7.2.4
      '@pixi/utils': 7.2.4
    dependencies:
      '@pixi/core': 7.2.4
      '@pixi/utils': 7.2.4
      '@types/css-font-loading-module': 0.0.8
    dev: false

  /@pixi/color@7.2.4:
    resolution: {integrity: sha512-B/+9JRcXe2uE8wQfsueFRPZVayF2VEMRB7XGeRAsWCryOX19nmWhv0Nt3nOU2rvzI0niz9XgugJXsB6vVmDFSg==}
    dependencies:
      colord: 2.9.3
    dev: false

  /@pixi/constants@7.2.4:
    resolution: {integrity: sha512-hKuHBWR6N4Q0Sf5MGF3/9l+POg/G5rqhueHfzofiuelnKg7aBs3BVjjZ+6hZbd6M++vOUmxYelEX/NEFBxrheA==}
    dev: false

  /@pixi/core@7.2.4:
    resolution: {integrity: sha512-0XtvrfxHlS2T+beBBSpo7GI8+QLyyTqMVQpNmPqB4woYxzrOEJ9JaUFBaBfCvycLeUkfVih1u6HAbtF+2d1EjQ==}
    dependencies:
      '@pixi/color': 7.2.4
      '@pixi/constants': 7.2.4
      '@pixi/extensions': 7.2.4
      '@pixi/math': 7.2.4
      '@pixi/runner': 7.2.4
      '@pixi/settings': 7.2.4
      '@pixi/ticker': 7.2.4
      '@pixi/utils': 7.2.4
      '@types/offscreencanvas': 2019.7.0
    dev: false

  /@pixi/display@7.2.4(@pixi/core@7.2.4):
    resolution: {integrity: sha512-w5tqb8cWEO5qIDaO9GEqRvxYhL0iMk0Wsngw23bbLm1gLEQmrFkB2tpJlRAqd7H82C3DrDDeWvkrrxW6+m4apg==}
    peerDependencies:
      '@pixi/core': 7.2.4
    dependencies:
      '@pixi/core': 7.2.4
    dev: false

  /@pixi/events@7.2.4(@pixi/core@7.2.4)(@pixi/display@7.2.4):
    resolution: {integrity: sha512-/JtmoB98fzIU8giN9xvlRvmvOi6u4MaD2DnKNOMHkQ1MBraj3pmrXM9fZ0JbNzi+324GraAAY76QidgHjIYoYQ==}
    peerDependencies:
      '@pixi/core': 7.2.4
      '@pixi/display': 7.2.4
    dependencies:
      '@pixi/core': 7.2.4
      '@pixi/display': 7.2.4(@pixi/core@7.2.4)
    dev: false

  /@pixi/extensions@7.2.4:
    resolution: {integrity: sha512-Mnqv9scbL1ARD3QFKfOWs2aSVJJfP1dL8g5UiqGImYO3rZbz/9QCzXOeMVIZ5n3iaRyKMNhFFr84/zUja2H7Dw==}
    dev: false

  /@pixi/graphics@7.2.4(@pixi/core@7.2.4)(@pixi/display@7.2.4)(@pixi/sprite@7.2.4):
    resolution: {integrity: sha512-3A2EumTjWJgXlDLOyuBrl9b6v1Za/E+/IjOGUIX843HH4NYaf1a2sfDfljx6r3oiDvy+VhuBFmgynRcV5IyA0Q==}
    peerDependencies:
      '@pixi/core': 7.2.4
      '@pixi/display': 7.2.4
      '@pixi/sprite': 7.2.4
    dependencies:
      '@pixi/core': 7.2.4
      '@pixi/display': 7.2.4(@pixi/core@7.2.4)
      '@pixi/sprite': 7.2.4(@pixi/core@7.2.4)(@pixi/display@7.2.4)
    dev: false

  /@pixi/math@7.2.4:
    resolution: {integrity: sha512-LJB+mozyEPllxa0EssFZrKNfVwysfaBun4b2dJKQQInp0DafgbA0j7A+WVg0oe51KhFULTJMpDqbLn/ITFc41A==}
    dev: false

  /@pixi/runner@7.2.4:
    resolution: {integrity: sha512-YtyqPk1LA+0guEFKSFx6t/YSvbEQwajFwi4Ft8iDhioa6VK2MmTir1GjWwy7JQYLcDmYSAcQjnmFtVTZohyYSw==}
    dev: false

  /@pixi/settings@7.2.4:
    resolution: {integrity: sha512-ZPKRar9EwibijGmH8EViu4Greq1I/O7V/xQx2rNqN23XA7g09Qo6yfaeQpufu5xl8+/lZrjuHtQSnuY7OgG1CA==}
    dependencies:
      '@pixi/constants': 7.2.4
      '@types/css-font-loading-module': 0.0.8
      ismobilejs: 1.1.1
    dev: false

  /@pixi/sprite@7.2.4(@pixi/core@7.2.4)(@pixi/display@7.2.4):
    resolution: {integrity: sha512-DhR1B+/d0eXpxHIesJMXcVPrKFwQ+zRA1LvEIFfzewqfaRN3X6PMIuoKX8SIb6tl+Hq8Ba9Pe28zI7d2rmRzrA==}
    peerDependencies:
      '@pixi/core': 7.2.4
      '@pixi/display': 7.2.4
    dependencies:
      '@pixi/core': 7.2.4
      '@pixi/display': 7.2.4(@pixi/core@7.2.4)
    dev: false

  /@pixi/text@7.2.4(@pixi/core@7.2.4)(@pixi/sprite@7.2.4):
    resolution: {integrity: sha512-DGu7ktpe+zHhqR2sG9NsJt4mgvSObv5EqXTtUxD4Z0li1gmqF7uktpLyn5I6vSg1TTEL4TECClRDClVDGiykWw==}
    peerDependencies:
      '@pixi/core': 7.2.4
      '@pixi/sprite': 7.2.4
    dependencies:
      '@pixi/core': 7.2.4
      '@pixi/sprite': 7.2.4(@pixi/core@7.2.4)(@pixi/display@7.2.4)
    dev: false

  /@pixi/ticker@7.2.4:
    resolution: {integrity: sha512-hQQHIHvGeFsP4GNezZqjzuhUgNQEVgCH9+qU05UX1Mc5UHC9l6OJnY4VTVhhcHxZjA6RnyaY+1zBxCnoXuazpg==}
    dependencies:
      '@pixi/extensions': 7.2.4
      '@pixi/settings': 7.2.4
      '@pixi/utils': 7.2.4
    dev: false

  /@pixi/unsafe-eval@7.2.4(@pixi/core@7.2.4):
    resolution: {integrity: sha512-3Japs14nPJIi+paXufkeka9uIWaFSuSPUa61eKRTMwfgKMP5fTCCh+5fSO7Zwy8etShWfxOCpK4HH4kkWtqRoQ==}
    peerDependencies:
      '@pixi/core': 7.2.4
    dependencies:
      '@pixi/core': 7.2.4
    dev: false

  /@pixi/utils@7.2.4:
    resolution: {integrity: sha512-VUGQHBOINIS4ePzoqafwxaGPVRTa3oM/mEutIIHbNGI3b+QvSO+1Dnk40M0zcH6Bo+MxQZbOZK5X/wO9oU5+LQ==}
    dependencies:
      '@pixi/color': 7.2.4
      '@pixi/constants': 7.2.4
      '@pixi/settings': 7.2.4
      '@types/earcut': 2.1.1
      earcut: 2.2.4
      eventemitter3: 4.0.7
      url: 0.11.0
    dev: false

  /@rollup/plugin-virtual@3.0.1:
    resolution: {integrity: sha512-fK8O0IL5+q+GrsMLuACVNk2x21g3yaw+sG2qn16SnUd3IlBsQyvWxLMGHmCmXRMecPjGRSZ/1LmZB4rjQm68og==}
    engines: {node: '>=14.0.0'}
    peerDependencies:
      rollup: ^1.20.0||^2.0.0||^3.0.0
    peerDependenciesMeta:
      rollup:
        optional: true
    dev: true

  /@swc/core-darwin-arm64@1.3.49:
    resolution: {integrity: sha512-g7aIfXh6uPHmhLXdjXQq5t3HAyS/EdvujasW1DIS5k8UqOBaSoCcSGtLIjzcLv3KujqNfYcm118E+12H0nY6fQ==}
    engines: {node: '>=10'}
    cpu: [arm64]
    os: [darwin]
    requiresBuild: true
    dev: true
    optional: true

  /@swc/core-darwin-x64@1.3.49:
    resolution: {integrity: sha512-eSIxVX0YDw40Bre5sAx2BV3DzdIGzmQvCf2yiBvLqiiL6GC0mmuDeWbUCAzdUX6fJ6FUVEBMUVqNOc9oJ2/d5w==}
    engines: {node: '>=10'}
    cpu: [x64]
    os: [darwin]
    requiresBuild: true
    dev: true
    optional: true

  /@swc/core-linux-arm-gnueabihf@1.3.49:
    resolution: {integrity: sha512-8mj3IcRVr/OJY0mVITz6Z5osNAMJK5GiKDaZ+3QejPLbl6aiu4sH4GmTHDRN14RnaVXOpecsGcUoQmNoNa3u3w==}
    engines: {node: '>=10'}
    cpu: [arm]
    os: [linux]
    requiresBuild: true
    dev: true
    optional: true

  /@swc/core-linux-arm64-gnu@1.3.49:
    resolution: {integrity: sha512-Rmg9xw6tmpOpf6GKKjpHQGmjfHzqSths5ebI2ahrHlhekzZF2HYmPkVw4bHda8Bja6mbaw8FVBgBHjPU8mMeDA==}
    engines: {node: '>=10'}
    cpu: [arm64]
    os: [linux]
    requiresBuild: true
    dev: true
    optional: true

  /@swc/core-linux-arm64-musl@1.3.49:
    resolution: {integrity: sha512-nlKPYMogAI3Aak6Mlkag8/2AlHAZ/DpH7RjhfMazsaGhD/sQOmYdyY9Al69ejpa419YJuREeeeLoojFlSsd30g==}
    engines: {node: '>=10'}
    cpu: [arm64]
    os: [linux]
    requiresBuild: true
    dev: true
    optional: true

  /@swc/core-linux-x64-gnu@1.3.49:
    resolution: {integrity: sha512-QOyeJQ6NVi73SJcizbwvIZTiGA/N+BxX9liRrvibumaQmRh8fWjJiLNsv3ODSHeuonak7E8Bf7a7NnSTyu48Mw==}
    engines: {node: '>=10'}
    cpu: [x64]
    os: [linux]
    requiresBuild: true
    dev: true
    optional: true

  /@swc/core-linux-x64-musl@1.3.49:
    resolution: {integrity: sha512-WlDMz+SOpYC9O/ZBUw1oiyWI7HyUCMlf/HS8Fy/kRI3eGoGCUxVTCJ1mP57GdQr4Wg32Y/ZpO2KSNQFWnT8mAw==}
    engines: {node: '>=10'}
    cpu: [x64]
    os: [linux]
    requiresBuild: true
    dev: true
    optional: true

  /@swc/core-win32-arm64-msvc@1.3.49:
    resolution: {integrity: sha512-41LZOeI94Za3twib8KOIjnHYAZ+nkBFmboaREsFR1760S7jiMVywqWX8nFZvn/CXj15Fjjgdgyuig+zMREwXwQ==}
    engines: {node: '>=10'}
    cpu: [arm64]
    os: [win32]
    requiresBuild: true
    dev: true
    optional: true

  /@swc/core-win32-ia32-msvc@1.3.49:
    resolution: {integrity: sha512-IdqLPoMKssyAoOCZdNXmnAd6/uyx+Hb9KSfZUHepZaNfwMy6J5XXrOsbYs3v53FH8MtekUUdV+mMX4me9bcv9w==}
    engines: {node: '>=10'}
    cpu: [ia32]
    os: [win32]
    requiresBuild: true
    dev: true
    optional: true

  /@swc/core-win32-x64-msvc@1.3.49:
    resolution: {integrity: sha512-7Fqjo5pS3uIohhSbYSaR0+e/bJdxmQb4oG97FIh5qvlCCGQaQ9UiaEeYy4uK0Ad+Menum1IXCAEiG7RHcl6Eyw==}
    engines: {node: '>=10'}
    cpu: [x64]
    os: [win32]
    requiresBuild: true
    dev: true
    optional: true

  /@swc/core@1.3.49:
    resolution: {integrity: sha512-br44ZHOfE9YyRGcORSLkHFQHTvhwRcaithBJ1Q5y5iMGpLbH0Wai3GN49L60RvmGwxNJfWzT+E7+rNNR7ewKgA==}
    engines: {node: '>=10'}
    requiresBuild: true
    peerDependencies:
      '@swc/helpers': ^0.5.0
    peerDependenciesMeta:
      '@swc/helpers':
        optional: true
    optionalDependencies:
      '@swc/core-darwin-arm64': 1.3.49
      '@swc/core-darwin-x64': 1.3.49
      '@swc/core-linux-arm-gnueabihf': 1.3.49
      '@swc/core-linux-arm64-gnu': 1.3.49
      '@swc/core-linux-arm64-musl': 1.3.49
      '@swc/core-linux-x64-gnu': 1.3.49
      '@swc/core-linux-x64-musl': 1.3.49
      '@swc/core-win32-arm64-msvc': 1.3.49
      '@swc/core-win32-ia32-msvc': 1.3.49
      '@swc/core-win32-x64-msvc': 1.3.49
    dev: true

  /@types/css-font-loading-module@0.0.8:
    resolution: {integrity: sha512-PdJeLlCJj/ShOA+c0dXdZ/e1P0Cdjhip+dRBtPaigOqwKd0DiFx3NeO6T2E7AQ5JszSR3dub3YkQjc2hcQyxSw==}
    dev: false

  /@types/earcut@2.1.1:
    resolution: {integrity: sha512-w8oigUCDjElRHRRrMvn/spybSMyX8MTkKA5Dv+tS1IE/TgmNZPqUYtvYBXGY8cieSE66gm+szeK+bnbxC2xHTQ==}
    dev: false

  /@types/offscreencanvas@2019.7.0:
    resolution: {integrity: sha512-PGcyveRIpL1XIqK8eBsmRBt76eFgtzuPiSTyKHZxnGemp2yzGzWpjYKAfK3wIMiU7eH+851yEpiuP8JZerTmWg==}
    dev: false

  /@types/web-bluetooth@0.0.16:
    resolution: {integrity: sha512-oh8q2Zc32S6gd/j50GowEjKLoOVOwHP/bWVjKJInBwQqdOYMdPrf1oVlelTlyfFK3CKxL1uahMDAr+vy8T7yMQ==}
    dev: true

  /@vitejs/plugin-basic-ssl@1.0.1(vite@4.2.1):
    resolution: {integrity: sha512-pcub+YbFtFhaGRTo1832FQHQSHvMrlb43974e2eS8EKleR3p1cDdkJFPci1UhwkEf1J9Bz+wKBSzqpKp7nNj2A==}
    engines: {node: '>=14.6.0'}
    peerDependencies:
      vite: ^3.0.0 || ^4.0.0
    dependencies:
      vite: 4.2.1
    dev: true

  /colord@2.9.3:
    resolution: {integrity: sha512-jeC1axXpnb0/2nn/Y1LPuLdgXBLH7aDcHu4KEKfqw3CUhX7ZpfBSlPKyqXE6btIgEzfWtrX3/tyBCaCvXvMkOw==}
    dev: false

  /earcut@2.2.4:
    resolution: {integrity: sha512-/pjZsA1b4RPHbeWZQn66SWS8nZZWLQQ23oE3Eam7aroEFGEvwKAsJfZ9ytiEMycfzXWpca4FA9QIOehf7PocBQ==}
    dev: false

  /esbuild@0.17.16:
    resolution: {integrity: sha512-aeSuUKr9aFVY9Dc8ETVELGgkj4urg5isYx8pLf4wlGgB0vTFjxJQdHnNH6Shmx4vYYrOTLCHtRI5i1XZ9l2Zcg==}
    engines: {node: '>=12'}
    hasBin: true
    requiresBuild: true
    optionalDependencies:
      '@esbuild/android-arm': 0.17.16
      '@esbuild/android-arm64': 0.17.16
      '@esbuild/android-x64': 0.17.16
      '@esbuild/darwin-arm64': 0.17.16
      '@esbuild/darwin-x64': 0.17.16
      '@esbuild/freebsd-arm64': 0.17.16
      '@esbuild/freebsd-x64': 0.17.16
      '@esbuild/linux-arm': 0.17.16
      '@esbuild/linux-arm64': 0.17.16
      '@esbuild/linux-ia32': 0.17.16
      '@esbuild/linux-loong64': 0.17.16
      '@esbuild/linux-mips64el': 0.17.16
      '@esbuild/linux-ppc64': 0.17.16
      '@esbuild/linux-riscv64': 0.17.16
      '@esbuild/linux-s390x': 0.17.16
      '@esbuild/linux-x64': 0.17.16
      '@esbuild/netbsd-x64': 0.17.16
      '@esbuild/openbsd-x64': 0.17.16
      '@esbuild/sunos-x64': 0.17.16
      '@esbuild/win32-arm64': 0.17.16
      '@esbuild/win32-ia32': 0.17.16
      '@esbuild/win32-x64': 0.17.16
    dev: true

  /eventemitter3@4.0.7:
    resolution: {integrity: sha512-8guHBZCwKnFhYdHr2ysuRWErTwhoN2X8XELRlrRwpmfeY2jjuUN4taQMsULKUVo1K4DvZl+0pgfyoysHxvmvEw==}
    dev: false

  /fsevents@2.3.2:
    resolution: {integrity: sha512-xiqMQR4xAeHTuB9uWm+fFRcIOgKBMiOBP+eXiyT7jsgVCq1bkVygt00oASowB7EdtpOHaaPgKt812P9ab+DDKA==}
    engines: {node: ^8.16.0 || ^10.6.0 || >=11.0.0}
    os: [darwin]
    requiresBuild: true
    dev: true
    optional: true

  /function-bind@1.1.1:
    resolution: {integrity: sha512-yIovAzMX49sF8Yl58fSCWJ5svSLuaibPxXQJFLmBObTuCr0Mf1KiPopGM9NiFjiYBCbfaa2Fh6breQ6ANVTI0A==}
    dev: true

  /has@1.0.3:
    resolution: {integrity: sha512-f2dvO0VU6Oej7RkWJGrehjbzMAjFp5/VKPp5tTpWIV4JHHZK1/BxbFRtf/siA2SWTe09caDmVtYYzWEIbBS4zw==}
    engines: {node: '>= 0.4.0'}
    dependencies:
      function-bind: 1.1.1
    dev: true

  /is-core-module@2.11.0:
    resolution: {integrity: sha512-RRjxlvLDkD1YJwDbroBHMb+cukurkDWNyHx7D3oNB5x9rb5ogcksMC5wHCadcXoo67gVr/+3GFySh3134zi6rw==}
    dependencies:
      has: 1.0.3
    dev: true

  /ismobilejs@1.1.1:
    resolution: {integrity: sha512-VaFW53yt8QO61k2WJui0dHf4SlL8lxBofUuUmwBo0ljPk0Drz2TiuDW4jo3wDcv41qy/SxrJ+VAzJ/qYqsmzRw==}
    dev: false

  /nanoid@3.3.6:
    resolution: {integrity: sha512-BGcqMMJuToF7i1rt+2PWSNVnWIkGCU78jBG3RxO/bZlnZPK2Cmi2QaffxGO/2RvWi9sL+FAiRiXMgsyxQ1DIDA==}
    engines: {node: ^10 || ^12 || ^13.7 || ^14 || >=15.0.1}
    hasBin: true
    dev: true

  /path-parse@1.0.7:
    resolution: {integrity: sha512-LDJzPVEEEPR+y48z93A0Ed0yXb8pAByGWo/k5YYdYgpY2/2EsOsksJrq7lOHxryrVOn1ejG6oAp8ahvOIQD8sw==}
    dev: true

  /picocolors@1.0.0:
    resolution: {integrity: sha512-1fygroTLlHu66zi26VoTDv8yRgm0Fccecssto+MhsZ0D/DGW2sm8E8AjW7NU5VVTRt5GxbeZ5qBuJr+HyLYkjQ==}
    dev: true

  /postcss@8.4.21:
    resolution: {integrity: sha512-tP7u/Sn/dVxK2NnruI4H9BG+x+Wxz6oeZ1cJ8P6G/PZY0IKk4k/63TDsQf2kQq3+qoJeLm2kIBUNlZe3zgb4Zg==}
    engines: {node: ^10 || ^12 || >=14}
    dependencies:
      nanoid: 3.3.6
      picocolors: 1.0.0
      source-map-js: 1.0.2
    dev: true

  /punycode@1.3.2:
    resolution: {integrity: sha512-RofWgt/7fL5wP1Y7fxE7/EmTLzQVnB0ycyibJ0OOHIlJqTNzglYFxVwETOcIoJqJmpDXJ9xImDv+Fq34F/d4Dw==}
    dev: false

  /querystring@0.2.0:
    resolution: {integrity: sha512-X/xY82scca2tau62i9mDyU9K+I+djTMUsvwf7xnUX5GLvVzgJybOJf4Y6o9Zx3oJK/LSXg5tTZBjwzqVPaPO2g==}
    engines: {node: '>=0.4.x'}
    deprecated: The querystring API is considered Legacy. new code should use the URLSearchParams API instead.
    dev: false

  /resolve@1.22.2:
    resolution: {integrity: sha512-Sb+mjNHOULsBv818T40qSPeRiuWLyaGMa5ewydRLFimneixmVy2zdivRl+AF6jaYPC8ERxGDmFSiqui6SfPd+g==}
    hasBin: true
    dependencies:
      is-core-module: 2.11.0
      path-parse: 1.0.7
      supports-preserve-symlinks-flag: 1.0.0
    dev: true

  /rollup@3.20.2:
    resolution: {integrity: sha512-3zwkBQl7Ai7MFYQE0y1MeQ15+9jsi7XxfrqwTb/9EK8D9C9+//EBR4M+CuA1KODRaNbFez/lWxA5vhEGZp4MUg==}
    engines: {node: '>=14.18.0', npm: '>=8.0.0'}
    hasBin: true
    optionalDependencies:
      fsevents: 2.3.2
    dev: true

  /source-map-js@1.0.2:
    resolution: {integrity: sha512-R0XvVJ9WusLiqTCEiGCmICCMplcCkIwwR11mOSD9CR5u+IXYdiseeEuXCVAjS54zqwkLcPNnmU4OeJ6tUrWhDw==}
    engines: {node: '>=0.10.0'}
    dev: true

  /supports-preserve-symlinks-flag@1.0.0:
    resolution: {integrity: sha512-ot0WnXS9fgdkgIcePe6RHNk1WA8+muPa6cSjeR3V8K27q9BB1rTE3R1p7Hv0z1ZyAc8s6Vvv8DIyWf681MAt0w==}
    engines: {node: '>= 0.4'}
    dev: true

  /typescript@5.0.4:
    resolution: {integrity: sha512-cW9T5W9xY37cc+jfEnaUvX91foxtHkza3Nw3wkoF4sSlKn0MONdkdEndig/qPBWXNkmplh3NzayQzCiHM4/hqw==}
    engines: {node: '>=12.20'}
    hasBin: true
    dev: true

  /url@0.11.0:
    resolution: {integrity: sha512-kbailJa29QrtXnxgq+DdCEGlbTeYM2eJUxsz6vjZavrCYPMIFHMKQmSKYAIuUK2i7hgPm28a8piX5NTUtM/LKQ==}
    dependencies:
      punycode: 1.3.2
      querystring: 0.2.0
    dev: false

  /uuid@9.0.0:
    resolution: {integrity: sha512-MXcSTerfPa4uqyzStbRoTgt5XIe3x5+42+q1sDuy3R5MDk66URdLMOZe5aPX/SQd+kuYAh0FdP/pO28IkQyTeg==}
    hasBin: true
    dev: true

  /vite-plugin-top-level-await@1.3.0(vite@4.2.1):
    resolution: {integrity: sha512-owIfsgWudMlQODWJSwp0sQB3AZZu3qsMygeBjZy8CyjEk6OB9AGd8lHqmgwrcEqgvy9N58lYxSBLVk3/4ejEiA==}
    peerDependencies:
      vite: '>=2.8'
    dependencies:
      '@rollup/plugin-virtual': 3.0.1
      '@swc/core': 1.3.49
      uuid: 9.0.0
      vite: 4.2.1
    transitivePeerDependencies:
      - '@swc/helpers'
      - rollup
    dev: true

  /vite@4.2.1:
    resolution: {integrity: sha512-7MKhqdy0ISo4wnvwtqZkjke6XN4taqQ2TBaTccLIpOKv7Vp2h4Y+NpmWCnGDeSvvn45KxvWgGyb0MkHvY1vgbg==}
    engines: {node: ^14.18.0 || >=16.0.0}
    hasBin: true
    peerDependencies:
      '@types/node': '>= 14'
      less: '*'
      sass: '*'
      stylus: '*'
      sugarss: '*'
      terser: ^5.4.0
    peerDependenciesMeta:
      '@types/node':
        optional: true
      less:
        optional: true
      sass:
        optional: true
      stylus:
        optional: true
      sugarss:
        optional: true
      terser:
        optional: true
    dependencies:
      esbuild: 0.17.16
      postcss: 8.4.21
      resolve: 1.22.2
      rollup: 3.20.2
    optionalDependencies:
      fsevents: 2.3.2
    dev: true
