lockfileVersion: 5.4

overrides:
  '@types/css-font-loading-module': ^0.0.8

specifiers:
  '@fontsource/antonio': ^4.5.10
  '@pixi/app': ^7.2.1
  '@pixi/assets': ^7.2.1
  '@pixi/core': ^7.2.1
  '@pixi/display': ^7.2.1
  '@pixi/events': ^7.2.1
  '@pixi/graphics': ^7.2.1
  '@pixi/sprite': ^7.2.1
  '@pixi/text': ^7.2.1
  '@pixi/unsafe-eval': ^7.2.1
  '@pixi/utils': ^7.2.1
  '@types/web-bluetooth': ^0.0.16
  '@vitejs/plugin-basic-ssl': ^1.0.1
  typescript: ~5.0.2
  vite: ^4.2.0
  vite-plugin-top-level-await: ^1.3.0

dependencies:
  '@pixi/app': 7.2.1_elsc2l7ha3nhpd4wsejvgdyczq
  '@pixi/assets': 7.2.1_jc42qdamhwcjffmz6kwrvbjf6m
  '@pixi/core': 7.2.1
  '@pixi/display': 7.2.1_@pixi+core@7.2.1
  '@pixi/events': 7.2.1_wc4ajhk4jx3du2btcymj2sy3ra
  '@pixi/graphics': 7.2.1_hs2dn4f2tdk5hefjr35s2sinvy
  '@pixi/sprite': 7.2.1_elsc2l7ha3nhpd4wsejvgdyczq
  '@pixi/text': 7.2.1_ew6v62e3zp5hzd32glrkuhy3ry
  '@pixi/unsafe-eval': 7.2.1_@pixi+core@7.2.1
  '@pixi/utils': 7.2.1

devDependencies:
  '@fontsource/antonio': 4.5.10
  '@types/web-bluetooth': 0.0.16
  '@vitejs/plugin-basic-ssl': 1.0.1_vite@4.2.0
  typescript: 5.0.2
  vite: 4.2.0
  vite-plugin-top-level-await: 1.3.0_vite@4.2.0

packages:

  /@esbuild/android-arm/0.17.12:
    resolution: {integrity: sha512-E/sgkvwoIfj4aMAPL2e35VnUJspzVYl7+M1B2cqeubdBhADV4uPon0KCc8p2G+LqSJ6i8ocYPCqY3A4GGq0zkQ==}
    engines: {node: '>=12'}
    cpu: [arm]
    os: [android]
    requiresBuild: true
    dev: true
    optional: true

  /@esbuild/android-arm64/0.17.12:
    resolution: {integrity: sha512-WQ9p5oiXXYJ33F2EkE3r0FRDFVpEdcDiwNX3u7Xaibxfx6vQE0Sb8ytrfQsA5WO6kDn6mDfKLh6KrPBjvkk7xA==}
    engines: {node: '>=12'}
    cpu: [arm64]
    os: [android]
    requiresBuild: true
    dev: true
    optional: true

  /@esbuild/android-x64/0.17.12:
    resolution: {integrity: sha512-m4OsaCr5gT+se25rFPHKQXARMyAehHTQAz4XX1Vk3d27VtqiX0ALMBPoXZsGaB6JYryCLfgGwUslMqTfqeLU0w==}
    engines: {node: '>=12'}
    cpu: [x64]
    os: [android]
    requiresBuild: true
    dev: true
    optional: true

  /@esbuild/darwin-arm64/0.17.12:
    resolution: {integrity: sha512-O3GCZghRIx+RAN0NDPhyyhRgwa19MoKlzGonIb5hgTj78krqp9XZbYCvFr9N1eUxg0ZQEpiiZ4QvsOQwBpP+lg==}
    engines: {node: '>=12'}
    cpu: [arm64]
    os: [darwin]
    requiresBuild: true
    dev: true
    optional: true

  /@esbuild/darwin-x64/0.17.12:
    resolution: {integrity: sha512-5D48jM3tW27h1qjaD9UNRuN+4v0zvksqZSPZqeSWggfMlsVdAhH3pwSfQIFJwcs9QJ9BRibPS4ViZgs3d2wsCA==}
    engines: {node: '>=12'}
    cpu: [x64]
    os: [darwin]
    requiresBuild: true
    dev: true
    optional: true

  /@esbuild/freebsd-arm64/0.17.12:
    resolution: {integrity: sha512-OWvHzmLNTdF1erSvrfoEBGlN94IE6vCEaGEkEH29uo/VoONqPnoDFfShi41Ew+yKimx4vrmmAJEGNoyyP+OgOQ==}
    engines: {node: '>=12'}
    cpu: [arm64]
    os: [freebsd]
    requiresBuild: true
    dev: true
    optional: true

  /@esbuild/freebsd-x64/0.17.12:
    resolution: {integrity: sha512-A0Xg5CZv8MU9xh4a+7NUpi5VHBKh1RaGJKqjxe4KG87X+mTjDE6ZvlJqpWoeJxgfXHT7IMP9tDFu7IZ03OtJAw==}
    engines: {node: '>=12'}
    cpu: [x64]
    os: [freebsd]
    requiresBuild: true
    dev: true
    optional: true

  /@esbuild/linux-arm/0.17.12:
    resolution: {integrity: sha512-WsHyJ7b7vzHdJ1fv67Yf++2dz3D726oO3QCu8iNYik4fb5YuuReOI9OtA+n7Mk0xyQivNTPbl181s+5oZ38gyA==}
    engines: {node: '>=12'}
    cpu: [arm]
    os: [linux]
    requiresBuild: true
    dev: true
    optional: true

  /@esbuild/linux-arm64/0.17.12:
    resolution: {integrity: sha512-cK3AjkEc+8v8YG02hYLQIQlOznW+v9N+OI9BAFuyqkfQFR+DnDLhEM5N8QRxAUz99cJTo1rLNXqRrvY15gbQUg==}
    engines: {node: '>=12'}
    cpu: [arm64]
    os: [linux]
    requiresBuild: true
    dev: true
    optional: true

  /@esbuild/linux-ia32/0.17.12:
    resolution: {integrity: sha512-jdOBXJqcgHlah/nYHnj3Hrnl9l63RjtQ4vn9+bohjQPI2QafASB5MtHAoEv0JQHVb/xYQTFOeuHnNYE1zF7tYw==}
    engines: {node: '>=12'}
    cpu: [ia32]
    os: [linux]
    requiresBuild: true
    dev: true
    optional: true

  /@esbuild/linux-loong64/0.17.12:
    resolution: {integrity: sha512-GTOEtj8h9qPKXCyiBBnHconSCV9LwFyx/gv3Phw0pa25qPYjVuuGZ4Dk14bGCfGX3qKF0+ceeQvwmtI+aYBbVA==}
    engines: {node: '>=12'}
    cpu: [loong64]
    os: [linux]
    requiresBuild: true
    dev: true
    optional: true

  /@esbuild/linux-mips64el/0.17.12:
    resolution: {integrity: sha512-o8CIhfBwKcxmEENOH9RwmUejs5jFiNoDw7YgS0EJTF6kgPgcqLFjgoc5kDey5cMHRVCIWc6kK2ShUePOcc7RbA==}
    engines: {node: '>=12'}
    cpu: [mips64el]
    os: [linux]
    requiresBuild: true
    dev: true
    optional: true

  /@esbuild/linux-ppc64/0.17.12:
    resolution: {integrity: sha512-biMLH6NR/GR4z+ap0oJYb877LdBpGac8KfZoEnDiBKd7MD/xt8eaw1SFfYRUeMVx519kVkAOL2GExdFmYnZx3A==}
    engines: {node: '>=12'}
    cpu: [ppc64]
    os: [linux]
    requiresBuild: true
    dev: true
    optional: true

  /@esbuild/linux-riscv64/0.17.12:
    resolution: {integrity: sha512-jkphYUiO38wZGeWlfIBMB72auOllNA2sLfiZPGDtOBb1ELN8lmqBrlMiucgL8awBw1zBXN69PmZM6g4yTX84TA==}
    engines: {node: '>=12'}
    cpu: [riscv64]
    os: [linux]
    requiresBuild: true
    dev: true
    optional: true

  /@esbuild/linux-s390x/0.17.12:
    resolution: {integrity: sha512-j3ucLdeY9HBcvODhCY4b+Ds3hWGO8t+SAidtmWu/ukfLLG/oYDMaA+dnugTVAg5fnUOGNbIYL9TOjhWgQB8W5g==}
    engines: {node: '>=12'}
    cpu: [s390x]
    os: [linux]
    requiresBuild: true
    dev: true
    optional: true

  /@esbuild/linux-x64/0.17.12:
    resolution: {integrity: sha512-uo5JL3cgaEGotaqSaJdRfFNSCUJOIliKLnDGWaVCgIKkHxwhYMm95pfMbWZ9l7GeW9kDg0tSxcy9NYdEtjwwmA==}
    engines: {node: '>=12'}
    cpu: [x64]
    os: [linux]
    requiresBuild: true
    dev: true
    optional: true

  /@esbuild/netbsd-x64/0.17.12:
    resolution: {integrity: sha512-DNdoRg8JX+gGsbqt2gPgkgb00mqOgOO27KnrWZtdABl6yWTST30aibGJ6geBq3WM2TIeW6COs5AScnC7GwtGPg==}
    engines: {node: '>=12'}
    cpu: [x64]
    os: [netbsd]
    requiresBuild: true
    dev: true
    optional: true

  /@esbuild/openbsd-x64/0.17.12:
    resolution: {integrity: sha512-aVsENlr7B64w8I1lhHShND5o8cW6sB9n9MUtLumFlPhG3elhNWtE7M1TFpj3m7lT3sKQUMkGFjTQBrvDDO1YWA==}
    engines: {node: '>=12'}
    cpu: [x64]
    os: [openbsd]
    requiresBuild: true
    dev: true
    optional: true

  /@esbuild/sunos-x64/0.17.12:
    resolution: {integrity: sha512-qbHGVQdKSwi0JQJuZznS4SyY27tYXYF0mrgthbxXrZI3AHKuRvU+Eqbg/F0rmLDpW/jkIZBlCO1XfHUBMNJ1pg==}
    engines: {node: '>=12'}
    cpu: [x64]
    os: [sunos]
    requiresBuild: true
    dev: true
    optional: true

  /@esbuild/win32-arm64/0.17.12:
    resolution: {integrity: sha512-zsCp8Ql+96xXTVTmm6ffvoTSZSV2B/LzzkUXAY33F/76EajNw1m+jZ9zPfNJlJ3Rh4EzOszNDHsmG/fZOhtqDg==}
    engines: {node: '>=12'}
    cpu: [arm64]
    os: [win32]
    requiresBuild: true
    dev: true
    optional: true

  /@esbuild/win32-ia32/0.17.12:
    resolution: {integrity: sha512-FfrFjR4id7wcFYOdqbDfDET3tjxCozUgbqdkOABsSFzoZGFC92UK7mg4JKRc/B3NNEf1s2WHxJ7VfTdVDPN3ng==}
    engines: {node: '>=12'}
    cpu: [ia32]
    os: [win32]
    requiresBuild: true
    dev: true
    optional: true

  /@esbuild/win32-x64/0.17.12:
    resolution: {integrity: sha512-JOOxw49BVZx2/5tW3FqkdjSD/5gXYeVGPDcB0lvap0gLQshkh1Nyel1QazC+wNxus3xPlsYAgqU1BUmrmCvWtw==}
    engines: {node: '>=12'}
    cpu: [x64]
    os: [win32]
    requiresBuild: true
    dev: true
    optional: true

  /@fontsource/antonio/4.5.10:
    resolution: {integrity: sha512-lXztgDweRkmqAGb2EvYJvvp6aKJTRp3ZH9u+WBXwScHIpvXLi6wVTk/vuc55nKiroVNLOk+DOUhqqOaY8yZTfg==}
    dev: true

  /@pixi/app/7.2.1_elsc2l7ha3nhpd4wsejvgdyczq:
    resolution: {integrity: sha512-I6YLs+JTUQkmZBeO8YzK/9T6P9TpwULyfoMsUh77MiAI0tnJobortXf1eMEgMbq5rVk44M5gtl1MJL9QclxcBA==}
    peerDependencies:
      '@pixi/core': 7.2.1
      '@pixi/display': 7.2.1
    dependencies:
      '@pixi/core': 7.2.1
      '@pixi/display': 7.2.1_@pixi+core@7.2.1
    dev: false

  /@pixi/assets/7.2.1_jc42qdamhwcjffmz6kwrvbjf6m:
    resolution: {integrity: sha512-6JFm5ZQpE5n2scj60UFN5z8dr/1SDKFmPEgE0HNsqSuIhHlA0yS2ARvgHGRjVJdBPsOSUHsCnVYG9HOlM1pSJA==}
    peerDependencies:
      '@pixi/core': 7.2.1
      '@pixi/utils': 7.2.1
    dependencies:
      '@pixi/core': 7.2.1
      '@pixi/utils': 7.2.1
      '@types/css-font-loading-module': 0.0.8
    dev: false

  /@pixi/color/7.2.1:
    resolution: {integrity: sha512-rzJy1Bu6x+LuADSxUImvH49hIVLEl/1bGH+WjfcPOuxPQYZzHTGQJeISQYSJrTE+kdU2+GvRLH8cUlLijyFFqA==}
    dependencies:
      colord: 2.9.3
    dev: false

  /@pixi/constants/7.2.1:
    resolution: {integrity: sha512-Tyu7Ue59ZYPyhBtP0gneMgixlAvM9+XXBscoICLyompA09NVsarul1czFfP+GnwiW5jVzXvd4kNDPAayNmKRFg==}
    dev: false

  /@pixi/core/7.2.1:
    resolution: {integrity: sha512-ASoedGRUnirpHGP7Axgnarb2v7FHlfHByuFhkWDn+6IXVenQJNgwtC9wRPyzJQV5S0OhxYGDtvw/BsRjUZX3tA==}
    dependencies:
      '@pixi/color': 7.2.1
      '@pixi/constants': 7.2.1
      '@pixi/extensions': 7.2.1
      '@pixi/math': 7.2.1
      '@pixi/runner': 7.2.1
      '@pixi/settings': 7.2.1
      '@pixi/ticker': 7.2.1
      '@pixi/utils': 7.2.1
      '@types/offscreencanvas': 2019.7.0
    dev: false

  /@pixi/display/7.2.1_@pixi+core@7.2.1:
    resolution: {integrity: sha512-S8rw+OaP3z4js73z1XmHV8eJnlFfdxwTIwdBoJqu6UPoTowFL5aBaObaNmraQXbCpSIimziG/txaOxrltc2y6Q==}
    peerDependencies:
      '@pixi/core': 7.2.1
    dependencies:
      '@pixi/core': 7.2.1
    dev: false

  /@pixi/events/7.2.1_wc4ajhk4jx3du2btcymj2sy3ra:
    resolution: {integrity: sha512-kFT3l3g1DwJnDn2xLVct0n2qaerqNdiDOS3njVX/YBp7+IX5xD6gpXxLgy7M7fYOislUwIMorfc6oMUSlpXcKg==}
    peerDependencies:
      '@pixi/core': 7.2.1
      '@pixi/display': 7.2.1
      '@pixi/utils': 7.2.1
    dependencies:
      '@pixi/core': 7.2.1
      '@pixi/display': 7.2.1_@pixi+core@7.2.1
      '@pixi/utils': 7.2.1
    dev: false

  /@pixi/extensions/7.2.1:
    resolution: {integrity: sha512-bVPhu+adqW1gsBABX3ZtQ6jpwUaM+Bz9lSv3+kXoKUY+mPlDpXDHDdmJsnGh1yktHvE+WU1tdFv1gSaXA0IfGQ==}
    dev: false

  /@pixi/graphics/7.2.1_hs2dn4f2tdk5hefjr35s2sinvy:
    resolution: {integrity: sha512-4smA746hs4aUcgCR9QDa5k8/fXgT/lo+0QG0BGr86OdIspt6UpvtAQ5bO09tFUWeTtXbOGmBnRKIgIjMgqJe8A==}
    peerDependencies:
      '@pixi/core': 7.2.1
      '@pixi/display': 7.2.1
      '@pixi/sprite': 7.2.1
    dependencies:
      '@pixi/core': 7.2.1
      '@pixi/display': 7.2.1_@pixi+core@7.2.1
      '@pixi/sprite': 7.2.1_elsc2l7ha3nhpd4wsejvgdyczq
    dev: false

  /@pixi/math/7.2.1:
    resolution: {integrity: sha512-hKML8rG6iWYutAczy5Fo5zssWU7JNThHo9QhBYQbcR7ijPO00Xz/phTHpbu5l2KGwGN0Umpn1zYiogiJ82WPTA==}
    dev: false

  /@pixi/runner/7.2.1:
    resolution: {integrity: sha512-sGfUdqKY7KIEhKdTT5gOLT7n1y/Satr9GJpDjVyQCABqDPvGTRynmAhVDEjiVaw9pd4Q2P5ZEJZm0+VVJOVirw==}
    dev: false

  /@pixi/settings/7.2.1:
    resolution: {integrity: sha512-PmDMnJWFowbC5qgRWS+AtpuXpSCmoo22NlfGL5Rfu1Hz7c6U3+XFhMrQTdBGw7HITI/8wkRhD23+A4eMU0ALZg==}
    dependencies:
      '@pixi/constants': 7.2.1
      '@types/css-font-loading-module': 0.0.8
      ismobilejs: 1.1.1
    dev: false

  /@pixi/sprite/7.2.1_elsc2l7ha3nhpd4wsejvgdyczq:
    resolution: {integrity: sha512-roo4R15Z9ilR+oKJkoepJGMUY31lWIW2iFiR+HlfMbUgvxeTzpbRi9gRMCSIAisow8Jz8UEY7nkQmdB83uDv1g==}
    peerDependencies:
      '@pixi/core': 7.2.1
      '@pixi/display': 7.2.1
    dependencies:
      '@pixi/core': 7.2.1
      '@pixi/display': 7.2.1_@pixi+core@7.2.1
    dev: false

  /@pixi/text/7.2.1_ew6v62e3zp5hzd32glrkuhy3ry:
    resolution: {integrity: sha512-keshF4UswmyQzgjWN7cFxxqY+yoabtpu9UCWkW6XtfMLBAlKRyjUpx7tmBUGTFrHoDEek77iR9+XCYoFE7U/VQ==}
    peerDependencies:
      '@pixi/core': 7.2.1
      '@pixi/sprite': 7.2.1
    dependencies:
      '@pixi/core': 7.2.1
      '@pixi/sprite': 7.2.1_elsc2l7ha3nhpd4wsejvgdyczq
    dev: false

  /@pixi/ticker/7.2.1:
    resolution: {integrity: sha512-fDnaSASY55FtMggGiLxu8AR26i4MyWo/5jpuhsK5zMTKGMFbk6L3C+BwYxWPADMppbdeNdeZj+L6dABSXdKLZQ==}
    dependencies:
      '@pixi/extensions': 7.2.1
      '@pixi/settings': 7.2.1
      '@pixi/utils': 7.2.1
    dev: false

  /@pixi/unsafe-eval/7.2.1_@pixi+core@7.2.1:
    resolution: {integrity: sha512-YdjXJajy/A3qzV1kP0/bw3pV1oyEalkNYH7IXO5eB+Qnc0etBuRqKrCCNONU/h3ZUUI28Ao9aEpMBDn9APcxDQ==}
    peerDependencies:
      '@pixi/core': 7.2.1
    dependencies:
      '@pixi/core': 7.2.1
    dev: false

  /@pixi/utils/7.2.1:
    resolution: {integrity: sha512-oslw8PWwCrbrd8GeIa9DP9cEpDebWekIzIPyEVlmua+PGYu7x/P5lGGhSeLpNXarnbW9wva4SQmLF3kwWTmaRw==}
    dependencies:
      '@pixi/color': 7.2.1
      '@pixi/constants': 7.2.1
      '@pixi/settings': 7.2.1
      '@types/earcut': 2.1.1
      earcut: 2.2.4
      eventemitter3: 4.0.7
      url: 0.11.0
    dev: false

  /@rollup/plugin-virtual/3.0.1:
    resolution: {integrity: sha512-fK8O0IL5+q+GrsMLuACVNk2x21g3yaw+sG2qn16SnUd3IlBsQyvWxLMGHmCmXRMecPjGRSZ/1LmZB4rjQm68og==}
    engines: {node: '>=14.0.0'}
    peerDependencies:
      rollup: ^1.20.0||^2.0.0||^3.0.0
    peerDependenciesMeta:
      rollup:
        optional: true
    dev: true

  /@swc/core-darwin-arm64/1.3.41:
    resolution: {integrity: sha512-D4fybODToO/BvuP35bionDUrSuTVVr8eW+mApr1unOqb3mfiqOrVv0VP2fpWNRYiA+xMq+oBCB6KcGpL60HKWQ==}
    engines: {node: '>=10'}
    cpu: [arm64]
    os: [darwin]
    requiresBuild: true
    dev: true
    optional: true

  /@swc/core-darwin-x64/1.3.41:
    resolution: {integrity: sha512-0RoVyiPCnylf3TG77C3S86PRSmaq+SaYB4VDLJFz3qcEHz1pfP0LhyskhgX4wjQV1mveDzFEn1BVAuo0eOMwZA==}
    engines: {node: '>=10'}
    cpu: [x64]
    os: [darwin]
    requiresBuild: true
    dev: true
    optional: true

  /@swc/core-linux-arm-gnueabihf/1.3.41:
    resolution: {integrity: sha512-mZW7GeY7Uw1nkKoWpx898ou20oCSt8MR+jAVuAhMjX+G4Zr0WWXYSigWNiRymhR6Q9KhyvoFpMckguSvYWmXsw==}
    engines: {node: '>=10'}
    cpu: [arm]
    os: [linux]
    requiresBuild: true
    dev: true
    optional: true

  /@swc/core-linux-arm64-gnu/1.3.41:
    resolution: {integrity: sha512-e91LGn+6KuLFw3sWk5swwGc/dP4tXs0mg3HrhjImRoofU02Bb9aHcj5zgrSO8ZByvDtm/Knn16h1ojxIMOFaxg==}
    engines: {node: '>=10'}
    cpu: [arm64]
    os: [linux]
    requiresBuild: true
    dev: true
    optional: true

  /@swc/core-linux-arm64-musl/1.3.41:
    resolution: {integrity: sha512-Q7hmrniLWsQ7zjtImGcjx1tl5/Qxpel+fC+OXTnGvAyyoGssSftIBlXMnqVLteL78zhxIPAzi+gizWAe5RGqrA==}
    engines: {node: '>=10'}
    cpu: [arm64]
    os: [linux]
    requiresBuild: true
    dev: true
    optional: true

  /@swc/core-linux-x64-gnu/1.3.41:
    resolution: {integrity: sha512-h4sv1sCfZQgRIwmykz8WPqVpbvHb13Qm3SsrbOudhAp2MuzpWzsgMP5hAEpdCP/nWreiCz3aoM6L8JeakRDq0g==}
    engines: {node: '>=10'}
    cpu: [x64]
    os: [linux]
    requiresBuild: true
    dev: true
    optional: true

  /@swc/core-linux-x64-musl/1.3.41:
    resolution: {integrity: sha512-Z7c26i38378d0NT/dcz8qPSAXm41lqhNzykdhKhI+95mA9m4pskP18T/0I45rmyx1ywifypu+Ip+SXmKeVSPgQ==}
    engines: {node: '>=10'}
    cpu: [x64]
    os: [linux]
    requiresBuild: true
    dev: true
    optional: true

  /@swc/core-win32-arm64-msvc/1.3.41:
    resolution: {integrity: sha512-I0CYnPc+ZGc912YeN0TykIOf/Q7yJQHRwDuhewwD6RkbiSEaVfSux5pAmmdoKw2aGMSq+cwLmgPe9HYLRNz+4w==}
    engines: {node: '>=10'}
    cpu: [arm64]
    os: [win32]
    requiresBuild: true
    dev: true
    optional: true

  /@swc/core-win32-ia32-msvc/1.3.41:
    resolution: {integrity: sha512-EygN4CVDWF29/U2T5fXGfWyLvRbMd2hiUgkciAl7zHuyJ6nKl+kpodqV2A0Wd4sFtSNedU0gQEBEXEe7cqvmsA==}
    engines: {node: '>=10'}
    cpu: [ia32]
    os: [win32]
    requiresBuild: true
    dev: true
    optional: true

  /@swc/core-win32-x64-msvc/1.3.41:
    resolution: {integrity: sha512-Mfp8qD1hNwWWRy0ISdwQJu1g0UYoVTtuQlO0z3aGbXqL51ew9e56+8j3M1U9i95lXFyWkARgjDCcKkQi+WezyA==}
    engines: {node: '>=10'}
    cpu: [x64]
    os: [win32]
    requiresBuild: true
    dev: true
    optional: true

  /@swc/core/1.3.41:
    resolution: {integrity: sha512-v6P2dfqJDpZ/7RXPvWge9oI6YgolDM0jtNhQZ2qdXrLBzaWQdDoBGBTJ8KN/nTgGhX3IkNvSB1fafXQ+nVnqAQ==}
    engines: {node: '>=10'}
    requiresBuild: true
    optionalDependencies:
      '@swc/core-darwin-arm64': 1.3.41
      '@swc/core-darwin-x64': 1.3.41
      '@swc/core-linux-arm-gnueabihf': 1.3.41
      '@swc/core-linux-arm64-gnu': 1.3.41
      '@swc/core-linux-arm64-musl': 1.3.41
      '@swc/core-linux-x64-gnu': 1.3.41
      '@swc/core-linux-x64-musl': 1.3.41
      '@swc/core-win32-arm64-msvc': 1.3.41
      '@swc/core-win32-ia32-msvc': 1.3.41
      '@swc/core-win32-x64-msvc': 1.3.41
    dev: true

  /@types/css-font-loading-module/0.0.8:
    resolution: {integrity: sha512-PdJeLlCJj/ShOA+c0dXdZ/e1P0Cdjhip+dRBtPaigOqwKd0DiFx3NeO6T2E7AQ5JszSR3dub3YkQjc2hcQyxSw==}
    dev: false

  /@types/earcut/2.1.1:
    resolution: {integrity: sha512-w8oigUCDjElRHRRrMvn/spybSMyX8MTkKA5Dv+tS1IE/TgmNZPqUYtvYBXGY8cieSE66gm+szeK+bnbxC2xHTQ==}
    dev: false

  /@types/offscreencanvas/2019.7.0:
    resolution: {integrity: sha512-PGcyveRIpL1XIqK8eBsmRBt76eFgtzuPiSTyKHZxnGemp2yzGzWpjYKAfK3wIMiU7eH+851yEpiuP8JZerTmWg==}
    dev: false

  /@types/web-bluetooth/0.0.16:
    resolution: {integrity: sha512-oh8q2Zc32S6gd/j50GowEjKLoOVOwHP/bWVjKJInBwQqdOYMdPrf1oVlelTlyfFK3CKxL1uahMDAr+vy8T7yMQ==}
    dev: true

  /@vitejs/plugin-basic-ssl/1.0.1_vite@4.2.0:
    resolution: {integrity: sha512-pcub+YbFtFhaGRTo1832FQHQSHvMrlb43974e2eS8EKleR3p1cDdkJFPci1UhwkEf1J9Bz+wKBSzqpKp7nNj2A==}
    engines: {node: '>=14.6.0'}
    peerDependencies:
      vite: ^3.0.0 || ^4.0.0
    dependencies:
      vite: 4.2.0
    dev: true

  /colord/2.9.3:
    resolution: {integrity: sha512-jeC1axXpnb0/2nn/Y1LPuLdgXBLH7aDcHu4KEKfqw3CUhX7ZpfBSlPKyqXE6btIgEzfWtrX3/tyBCaCvXvMkOw==}
    dev: false

  /earcut/2.2.4:
    resolution: {integrity: sha512-/pjZsA1b4RPHbeWZQn66SWS8nZZWLQQ23oE3Eam7aroEFGEvwKAsJfZ9ytiEMycfzXWpca4FA9QIOehf7PocBQ==}
    dev: false

  /esbuild/0.17.12:
    resolution: {integrity: sha512-bX/zHl7Gn2CpQwcMtRogTTBf9l1nl+H6R8nUbjk+RuKqAE3+8FDulLA+pHvX7aA7Xe07Iwa+CWvy9I8Y2qqPKQ==}
    engines: {node: '>=12'}
    hasBin: true
    requiresBuild: true
    optionalDependencies:
      '@esbuild/android-arm': 0.17.12
      '@esbuild/android-arm64': 0.17.12
      '@esbuild/android-x64': 0.17.12
      '@esbuild/darwin-arm64': 0.17.12
      '@esbuild/darwin-x64': 0.17.12
      '@esbuild/freebsd-arm64': 0.17.12
      '@esbuild/freebsd-x64': 0.17.12
      '@esbuild/linux-arm': 0.17.12
      '@esbuild/linux-arm64': 0.17.12
      '@esbuild/linux-ia32': 0.17.12
      '@esbuild/linux-loong64': 0.17.12
      '@esbuild/linux-mips64el': 0.17.12
      '@esbuild/linux-ppc64': 0.17.12
      '@esbuild/linux-riscv64': 0.17.12
      '@esbuild/linux-s390x': 0.17.12
      '@esbuild/linux-x64': 0.17.12
      '@esbuild/netbsd-x64': 0.17.12
      '@esbuild/openbsd-x64': 0.17.12
      '@esbuild/sunos-x64': 0.17.12
      '@esbuild/win32-arm64': 0.17.12
      '@esbuild/win32-ia32': 0.17.12
      '@esbuild/win32-x64': 0.17.12
    dev: true

  /eventemitter3/4.0.7:
    resolution: {integrity: sha512-8guHBZCwKnFhYdHr2ysuRWErTwhoN2X8XELRlrRwpmfeY2jjuUN4taQMsULKUVo1K4DvZl+0pgfyoysHxvmvEw==}
    dev: false

  /fsevents/2.3.2:
    resolution: {integrity: sha512-xiqMQR4xAeHTuB9uWm+fFRcIOgKBMiOBP+eXiyT7jsgVCq1bkVygt00oASowB7EdtpOHaaPgKt812P9ab+DDKA==}
    engines: {node: ^8.16.0 || ^10.6.0 || >=11.0.0}
    os: [darwin]
    requiresBuild: true
    dev: true
    optional: true

  /function-bind/1.1.1:
    resolution: {integrity: sha512-yIovAzMX49sF8Yl58fSCWJ5svSLuaibPxXQJFLmBObTuCr0Mf1KiPopGM9NiFjiYBCbfaa2Fh6breQ6ANVTI0A==}
    dev: true

  /has/1.0.3:
    resolution: {integrity: sha512-f2dvO0VU6Oej7RkWJGrehjbzMAjFp5/VKPp5tTpWIV4JHHZK1/BxbFRtf/siA2SWTe09caDmVtYYzWEIbBS4zw==}
    engines: {node: '>= 0.4.0'}
    dependencies:
      function-bind: 1.1.1
    dev: true

  /is-core-module/2.11.0:
    resolution: {integrity: sha512-RRjxlvLDkD1YJwDbroBHMb+cukurkDWNyHx7D3oNB5x9rb5ogcksMC5wHCadcXoo67gVr/+3GFySh3134zi6rw==}
    dependencies:
      has: 1.0.3
    dev: true

  /ismobilejs/1.1.1:
    resolution: {integrity: sha512-VaFW53yt8QO61k2WJui0dHf4SlL8lxBofUuUmwBo0ljPk0Drz2TiuDW4jo3wDcv41qy/SxrJ+VAzJ/qYqsmzRw==}
    dev: false

  /nanoid/3.3.4:
    resolution: {integrity: sha512-MqBkQh/OHTS2egovRtLk45wEyNXwF+cokD+1YPf9u5VfJiRdAiRwB2froX5Co9Rh20xs4siNPm8naNotSD6RBw==}
    engines: {node: ^10 || ^12 || ^13.7 || ^14 || >=15.0.1}
    hasBin: true
    dev: true

  /path-parse/1.0.7:
    resolution: {integrity: sha512-LDJzPVEEEPR+y48z93A0Ed0yXb8pAByGWo/k5YYdYgpY2/2EsOsksJrq7lOHxryrVOn1ejG6oAp8ahvOIQD8sw==}
    dev: true

  /picocolors/1.0.0:
    resolution: {integrity: sha512-1fygroTLlHu66zi26VoTDv8yRgm0Fccecssto+MhsZ0D/DGW2sm8E8AjW7NU5VVTRt5GxbeZ5qBuJr+HyLYkjQ==}
    dev: true

  /postcss/8.4.21:
    resolution: {integrity: sha512-tP7u/Sn/dVxK2NnruI4H9BG+x+Wxz6oeZ1cJ8P6G/PZY0IKk4k/63TDsQf2kQq3+qoJeLm2kIBUNlZe3zgb4Zg==}
    engines: {node: ^10 || ^12 || >=14}
    dependencies:
      nanoid: 3.3.4
      picocolors: 1.0.0
      source-map-js: 1.0.2
    dev: true

  /punycode/1.3.2:
    resolution: {integrity: sha512-RofWgt/7fL5wP1Y7fxE7/EmTLzQVnB0ycyibJ0OOHIlJqTNzglYFxVwETOcIoJqJmpDXJ9xImDv+Fq34F/d4Dw==}
    dev: false

  /querystring/0.2.0:
    resolution: {integrity: sha512-X/xY82scca2tau62i9mDyU9K+I+djTMUsvwf7xnUX5GLvVzgJybOJf4Y6o9Zx3oJK/LSXg5tTZBjwzqVPaPO2g==}
    engines: {node: '>=0.4.x'}
    deprecated: The querystring API is considered Legacy. new code should use the URLSearchParams API instead.
    dev: false

  /resolve/1.22.1:
    resolution: {integrity: sha512-nBpuuYuY5jFsli/JIs1oldw6fOQCBioohqWZg/2hiaOybXOft4lonv85uDOKXdf8rhyK159cxU5cDcK/NKk8zw==}
    hasBin: true
    dependencies:
      is-core-module: 2.11.0
      path-parse: 1.0.7
      supports-preserve-symlinks-flag: 1.0.0
    dev: true

  /rollup/3.19.1:
    resolution: {integrity: sha512-lAbrdN7neYCg/8WaoWn/ckzCtz+jr70GFfYdlf50OF7387HTg+wiuiqJRFYawwSPpqfqDNYqK7smY/ks2iAudg==}
    engines: {node: '>=14.18.0', npm: '>=8.0.0'}
    hasBin: true
    optionalDependencies:
      fsevents: 2.3.2
    dev: true

  /source-map-js/1.0.2:
    resolution: {integrity: sha512-R0XvVJ9WusLiqTCEiGCmICCMplcCkIwwR11mOSD9CR5u+IXYdiseeEuXCVAjS54zqwkLcPNnmU4OeJ6tUrWhDw==}
    engines: {node: '>=0.10.0'}
    dev: true

  /supports-preserve-symlinks-flag/1.0.0:
    resolution: {integrity: sha512-ot0WnXS9fgdkgIcePe6RHNk1WA8+muPa6cSjeR3V8K27q9BB1rTE3R1p7Hv0z1ZyAc8s6Vvv8DIyWf681MAt0w==}
    engines: {node: '>= 0.4'}
    dev: true

  /typescript/5.0.2:
    resolution: {integrity: sha512-wVORMBGO/FAs/++blGNeAVdbNKtIh1rbBL2EyQ1+J9lClJ93KiiKe8PmFIVdXhHcyv44SL9oglmfeSsndo0jRw==}
    engines: {node: '>=12.20'}
    hasBin: true
    dev: true

  /url/0.11.0:
    resolution: {integrity: sha512-kbailJa29QrtXnxgq+DdCEGlbTeYM2eJUxsz6vjZavrCYPMIFHMKQmSKYAIuUK2i7hgPm28a8piX5NTUtM/LKQ==}
    dependencies:
      punycode: 1.3.2
      querystring: 0.2.0
    dev: false

  /uuid/9.0.0:
    resolution: {integrity: sha512-MXcSTerfPa4uqyzStbRoTgt5XIe3x5+42+q1sDuy3R5MDk66URdLMOZe5aPX/SQd+kuYAh0FdP/pO28IkQyTeg==}
    hasBin: true
    dev: true

  /vite-plugin-top-level-await/1.3.0_vite@4.2.0:
    resolution: {integrity: sha512-owIfsgWudMlQODWJSwp0sQB3AZZu3qsMygeBjZy8CyjEk6OB9AGd8lHqmgwrcEqgvy9N58lYxSBLVk3/4ejEiA==}
    peerDependencies:
      vite: '>=2.8'
    dependencies:
      '@rollup/plugin-virtual': 3.0.1
      '@swc/core': 1.3.41
      uuid: 9.0.0
      vite: 4.2.0
    transitivePeerDependencies:
      - rollup
    dev: true

  /vite/4.2.0:
    resolution: {integrity: sha512-AbDTyzzwuKoRtMIRLGNxhLRuv1FpRgdIw+1y6AQG73Q5+vtecmvzKo/yk8X/vrHDpETRTx01ABijqUHIzBXi0g==}
    engines: {node: ^14.18.0 || >=16.0.0}
    hasBin: true
    peerDependencies:
      '@types/node': '>= 14'
      less: '*'
      sass: '*'
      stylus: '*'
      sugarss: '*'
      terser: ^5.4.0
    peerDependenciesMeta:
      '@types/node':
        optional: true
      less:
        optional: true
      sass:
        optional: true
      stylus:
        optional: true
      sugarss:
        optional: true
      terser:
        optional: true
    dependencies:
      esbuild: 0.17.12
      postcss: 8.4.21
      resolve: 1.22.1
      rollup: 3.19.1
    optionalDependencies:
      fsevents: 2.3.2
    dev: true
